// !$*UTF8*$!
{
	archiveVersion = 1;
	classes = {
	};
	objectVersion = 50;
	objects = {

/* Begin PBXBuildFile section */
		9502D2BC22CCCE1D0014EDFB /* MyOwnQuotesViewController.swift in Sources */ = {isa = PBXBuildFile; fileRef = 9502D2BB22CCCE1D0014EDFB /* MyOwnQuotesViewController.swift */; };
		950CE8A622AEE25A00F67C4A /* QuoteViewController.swift in Sources */ = {isa = PBXBuildFile; fileRef = 950CE8A522AEE25A00F67C4A /* QuoteViewController.swift */; };
		9511BD9922D4E0F100ACBD31 /* DisplayMyOwnQuoteViewController.swift in Sources */ = {isa = PBXBuildFile; fileRef = 9511BD9822D4E0F100ACBD31 /* DisplayMyOwnQuoteViewController.swift */; };
		9511BD9B22D4E11E00ACBD31 /* DisplayMyOwnQuoteView.swift in Sources */ = {isa = PBXBuildFile; fileRef = 9511BD9A22D4E11E00ACBD31 /* DisplayMyOwnQuoteView.swift */; };
		951A3BA922B13A30009634EF /* QuotesService.swift in Sources */ = {isa = PBXBuildFile; fileRef = 951A3BA822B13A30009634EF /* QuotesService.swift */; };
		951A3BAB22B140EF009634EF /* Quote.swift in Sources */ = {isa = PBXBuildFile; fileRef = 951A3BAA22B140EF009634EF /* Quote.swift */; };
		951A3BAD22B2914F009634EF /* Constants.swift in Sources */ = {isa = PBXBuildFile; fileRef = 951A3BAC22B2914F009634EF /* Constants.swift */; };
		951A3BAF22B2935B009634EF /* QuotesView.swift in Sources */ = {isa = PBXBuildFile; fileRef = 951A3BAE22B2935B009634EF /* QuotesView.swift */; };
		951A3BB222B2992B009634EF /* UIViewController.swift in Sources */ = {isa = PBXBuildFile; fileRef = 951A3BB122B2992B009634EF /* UIViewController.swift */; };
		953FE45F22D5F5AF009FDE7E /* FavoritesQuotes.swift in Sources */ = {isa = PBXBuildFile; fileRef = 953FE45E22D5F5AF009FDE7E /* FavoritesQuotes.swift */; };
		953FE46122D5F751009FDE7E /* FavoritesQuotesTableViewCell.swift in Sources */ = {isa = PBXBuildFile; fileRef = 953FE46022D5F751009FDE7E /* FavoritesQuotesTableViewCell.swift */; };
		953FE46322D601F3009FDE7E /* FavoritesQuotesViewController.swift in Sources */ = {isa = PBXBuildFile; fileRef = 953FE46222D601F3009FDE7E /* FavoritesQuotesViewController.swift */; };
		95482B8322CF708D00A8B013 /* MyOwnQuotes.swift in Sources */ = {isa = PBXBuildFile; fileRef = 95482B8222CF708D00A8B013 /* MyOwnQuotes.swift */; };
		95482B8522CF75DB00A8B013 /* CoreDataManager.swift in Sources */ = {isa = PBXBuildFile; fileRef = 95482B8422CF75DB00A8B013 /* CoreDataManager.swift */; };
		95482B8722CF7BD000A8B013 /* MyOwnQuotesTableViewCell.swift in Sources */ = {isa = PBXBuildFile; fileRef = 95482B8622CF7BD000A8B013 /* MyOwnQuotesTableViewCell.swift */; };
		9594DB3322C11A2F00189E7D /* RemindersScrollView.swift in Sources */ = {isa = PBXBuildFile; fileRef = 9594DB3222C11A2F00189E7D /* RemindersScrollView.swift */; };
		9594DB3522C11ACD00189E7D /* RemindersViewController.swift in Sources */ = {isa = PBXBuildFile; fileRef = 9594DB3422C11ACD00189E7D /* RemindersViewController.swift */; };
		95F4187322D79BB30038A0E1 /* SearchViewController.swift in Sources */ = {isa = PBXBuildFile; fileRef = 95F4187222D79BB30038A0E1 /* SearchViewController.swift */; };
		95F4187522D79C900038A0E1 /* SearchTableViewCell.swift in Sources */ = {isa = PBXBuildFile; fileRef = 95F4187422D79C900038A0E1 /* SearchTableViewCell.swift */; };
		95FDDE2222B91EED00F7F1C0 /* UITableViewCell.swift in Sources */ = {isa = PBXBuildFile; fileRef = 95FDDE2122B91EED00F7F1C0 /* UITableViewCell.swift */; };
		95FDDE2722B9248C00F7F1C0 /* SideMenuViewController.swift in Sources */ = {isa = PBXBuildFile; fileRef = 95FDDE2622B9248C00F7F1C0 /* SideMenuViewController.swift */; };
		95FDDE2F22B9311C00F7F1C0 /* SideMenuTableViewCell.swift in Sources */ = {isa = PBXBuildFile; fileRef = 95FDDE2E22B9311C00F7F1C0 /* SideMenuTableViewCell.swift */; };
		95FDE07222A7EFF500849A91 /* AppDelegate.swift in Sources */ = {isa = PBXBuildFile; fileRef = 95FDE07122A7EFF500849A91 /* AppDelegate.swift */; };
		95FDE07722A7EFF500849A91 /* Main.storyboard in Resources */ = {isa = PBXBuildFile; fileRef = 95FDE07522A7EFF500849A91 /* Main.storyboard */; };
		95FDE07A22A7EFF500849A91 /* QuotesProject.xcdatamodeld in Sources */ = {isa = PBXBuildFile; fileRef = 95FDE07822A7EFF500849A91 /* QuotesProject.xcdatamodeld */; };
		95FDE07C22A7EFF600849A91 /* Assets.xcassets in Resources */ = {isa = PBXBuildFile; fileRef = 95FDE07B22A7EFF600849A91 /* Assets.xcassets */; };
		95FDE07F22A7EFF600849A91 /* LaunchScreen.storyboard in Resources */ = {isa = PBXBuildFile; fileRef = 95FDE07D22A7EFF600849A91 /* LaunchScreen.storyboard */; };
		95FDE08A22A7EFF600849A91 /* QuotesProjectTests.swift in Sources */ = {isa = PBXBuildFile; fileRef = 95FDE08922A7EFF600849A91 /* QuotesProjectTests.swift */; };
		A0594DC0BE3D88D133840C7F /* Pods_QuotesProject.framework in Frameworks */ = {isa = PBXBuildFile; fileRef = D31EDDE0B12641B179E49F3B /* Pods_QuotesProject.framework */; };
/* End PBXBuildFile section */

/* Begin PBXContainerItemProxy section */
		95FDE08622A7EFF600849A91 /* PBXContainerItemProxy */ = {
			isa = PBXContainerItemProxy;
			containerPortal = 95FDE06622A7EFF500849A91 /* Project object */;
			proxyType = 1;
			remoteGlobalIDString = 95FDE06D22A7EFF500849A91;
			remoteInfo = QuotesProject;
		};
/* End PBXContainerItemProxy section */

/* Begin PBXFileReference section */
		4CF8B6E3321256EBAE22954F /* Pods-QuotesProject.release.xcconfig */ = {isa = PBXFileReference; includeInIndex = 1; lastKnownFileType = text.xcconfig; name = "Pods-QuotesProject.release.xcconfig"; path = "Pods/Target Support Files/Pods-QuotesProject/Pods-QuotesProject.release.xcconfig"; sourceTree = "<group>"; };
		9502D2BB22CCCE1D0014EDFB /* MyOwnQuotesViewController.swift */ = {isa = PBXFileReference; lastKnownFileType = sourcecode.swift; path = MyOwnQuotesViewController.swift; sourceTree = "<group>"; };
		950CE8A522AEE25A00F67C4A /* QuoteViewController.swift */ = {isa = PBXFileReference; lastKnownFileType = sourcecode.swift; path = QuoteViewController.swift; sourceTree = "<group>"; };
		9511BD9822D4E0F100ACBD31 /* DisplayMyOwnQuoteViewController.swift */ = {isa = PBXFileReference; lastKnownFileType = sourcecode.swift; path = DisplayMyOwnQuoteViewController.swift; sourceTree = "<group>"; };
		9511BD9A22D4E11E00ACBD31 /* DisplayMyOwnQuoteView.swift */ = {isa = PBXFileReference; lastKnownFileType = sourcecode.swift; path = DisplayMyOwnQuoteView.swift; sourceTree = "<group>"; };
		951A3BA822B13A30009634EF /* QuotesService.swift */ = {isa = PBXFileReference; lastKnownFileType = sourcecode.swift; path = QuotesService.swift; sourceTree = "<group>"; };
		951A3BAA22B140EF009634EF /* Quote.swift */ = {isa = PBXFileReference; lastKnownFileType = sourcecode.swift; path = Quote.swift; sourceTree = "<group>"; };
		951A3BAC22B2914F009634EF /* Constants.swift */ = {isa = PBXFileReference; lastKnownFileType = sourcecode.swift; path = Constants.swift; sourceTree = "<group>"; };
		951A3BAE22B2935B009634EF /* QuotesView.swift */ = {isa = PBXFileReference; lastKnownFileType = sourcecode.swift; path = QuotesView.swift; sourceTree = "<group>"; };
		951A3BB122B2992B009634EF /* UIViewController.swift */ = {isa = PBXFileReference; lastKnownFileType = sourcecode.swift; path = UIViewController.swift; sourceTree = "<group>"; };
		953FE45E22D5F5AF009FDE7E /* FavoritesQuotes.swift */ = {isa = PBXFileReference; lastKnownFileType = sourcecode.swift; path = FavoritesQuotes.swift; sourceTree = "<group>"; };
		953FE46022D5F751009FDE7E /* FavoritesQuotesTableViewCell.swift */ = {isa = PBXFileReference; lastKnownFileType = sourcecode.swift; path = FavoritesQuotesTableViewCell.swift; sourceTree = "<group>"; };
		953FE46222D601F3009FDE7E /* FavoritesQuotesViewController.swift */ = {isa = PBXFileReference; lastKnownFileType = sourcecode.swift; path = FavoritesQuotesViewController.swift; sourceTree = "<group>"; };
		9547A8B722BBB2760064FAA2 /* QuotesProject.entitlements */ = {isa = PBXFileReference; lastKnownFileType = text.plist.entitlements; path = QuotesProject.entitlements; sourceTree = "<group>"; };
		95482B8222CF708D00A8B013 /* MyOwnQuotes.swift */ = {isa = PBXFileReference; lastKnownFileType = sourcecode.swift; path = MyOwnQuotes.swift; sourceTree = "<group>"; };
		95482B8422CF75DB00A8B013 /* CoreDataManager.swift */ = {isa = PBXFileReference; lastKnownFileType = sourcecode.swift; path = CoreDataManager.swift; sourceTree = "<group>"; };
		95482B8622CF7BD000A8B013 /* MyOwnQuotesTableViewCell.swift */ = {isa = PBXFileReference; lastKnownFileType = sourcecode.swift; path = MyOwnQuotesTableViewCell.swift; sourceTree = "<group>"; };
		9594DB3222C11A2F00189E7D /* RemindersScrollView.swift */ = {isa = PBXFileReference; lastKnownFileType = sourcecode.swift; path = RemindersScrollView.swift; sourceTree = "<group>"; };
		9594DB3422C11ACD00189E7D /* RemindersViewController.swift */ = {isa = PBXFileReference; lastKnownFileType = sourcecode.swift; path = RemindersViewController.swift; sourceTree = "<group>"; };
		95F4187222D79BB30038A0E1 /* SearchViewController.swift */ = {isa = PBXFileReference; lastKnownFileType = sourcecode.swift; path = SearchViewController.swift; sourceTree = "<group>"; };
		95F4187422D79C900038A0E1 /* SearchTableViewCell.swift */ = {isa = PBXFileReference; lastKnownFileType = sourcecode.swift; path = SearchTableViewCell.swift; sourceTree = "<group>"; };
		95FDDE2122B91EED00F7F1C0 /* UITableViewCell.swift */ = {isa = PBXFileReference; lastKnownFileType = sourcecode.swift; path = UITableViewCell.swift; sourceTree = "<group>"; };
		95FDDE2622B9248C00F7F1C0 /* SideMenuViewController.swift */ = {isa = PBXFileReference; lastKnownFileType = sourcecode.swift; path = SideMenuViewController.swift; sourceTree = "<group>"; };
		95FDDE2E22B9311C00F7F1C0 /* SideMenuTableViewCell.swift */ = {isa = PBXFileReference; lastKnownFileType = sourcecode.swift; path = SideMenuTableViewCell.swift; sourceTree = "<group>"; };
		95FDE06E22A7EFF500849A91 /* QuotesProject.app */ = {isa = PBXFileReference; explicitFileType = wrapper.application; includeInIndex = 0; path = QuotesProject.app; sourceTree = BUILT_PRODUCTS_DIR; };
		95FDE07122A7EFF500849A91 /* AppDelegate.swift */ = {isa = PBXFileReference; lastKnownFileType = sourcecode.swift; path = AppDelegate.swift; sourceTree = "<group>"; };
		95FDE07622A7EFF500849A91 /* Base */ = {isa = PBXFileReference; lastKnownFileType = file.storyboard; name = Base; path = Base.lproj/Main.storyboard; sourceTree = "<group>"; };
		95FDE07922A7EFF500849A91 /* QuotesProject.xcdatamodel */ = {isa = PBXFileReference; lastKnownFileType = wrapper.xcdatamodel; path = QuotesProject.xcdatamodel; sourceTree = "<group>"; };
		95FDE07B22A7EFF600849A91 /* Assets.xcassets */ = {isa = PBXFileReference; lastKnownFileType = folder.assetcatalog; path = Assets.xcassets; sourceTree = "<group>"; };
		95FDE07E22A7EFF600849A91 /* Base */ = {isa = PBXFileReference; lastKnownFileType = file.storyboard; name = Base; path = Base.lproj/LaunchScreen.storyboard; sourceTree = "<group>"; };
		95FDE08022A7EFF600849A91 /* Info.plist */ = {isa = PBXFileReference; lastKnownFileType = text.plist.xml; path = Info.plist; sourceTree = "<group>"; };
		95FDE08522A7EFF600849A91 /* QuotesProjectTests.xctest */ = {isa = PBXFileReference; explicitFileType = wrapper.cfbundle; includeInIndex = 0; path = QuotesProjectTests.xctest; sourceTree = BUILT_PRODUCTS_DIR; };
		95FDE08922A7EFF600849A91 /* QuotesProjectTests.swift */ = {isa = PBXFileReference; lastKnownFileType = sourcecode.swift; path = QuotesProjectTests.swift; sourceTree = "<group>"; };
		95FDE08B22A7EFF600849A91 /* Info.plist */ = {isa = PBXFileReference; lastKnownFileType = text.plist.xml; path = Info.plist; sourceTree = "<group>"; };
		D31EDDE0B12641B179E49F3B /* Pods_QuotesProject.framework */ = {isa = PBXFileReference; explicitFileType = wrapper.framework; includeInIndex = 0; path = Pods_QuotesProject.framework; sourceTree = BUILT_PRODUCTS_DIR; };
		EDE610EBB93C41A938398D1D /* Pods-QuotesProject.debug.xcconfig */ = {isa = PBXFileReference; includeInIndex = 1; lastKnownFileType = text.xcconfig; name = "Pods-QuotesProject.debug.xcconfig"; path = "Pods/Target Support Files/Pods-QuotesProject/Pods-QuotesProject.debug.xcconfig"; sourceTree = "<group>"; };
/* End PBXFileReference section */

/* Begin PBXFrameworksBuildPhase section */
		95FDE06B22A7EFF500849A91 /* Frameworks */ = {
			isa = PBXFrameworksBuildPhase;
			buildActionMask = 2147483647;
			files = (
				A0594DC0BE3D88D133840C7F /* Pods_QuotesProject.framework in Frameworks */,
			);
			runOnlyForDeploymentPostprocessing = 0;
		};
		95FDE08222A7EFF600849A91 /* Frameworks */ = {
			isa = PBXFrameworksBuildPhase;
			buildActionMask = 2147483647;
			files = (
			);
			runOnlyForDeploymentPostprocessing = 0;
		};
/* End PBXFrameworksBuildPhase section */

/* Begin PBXGroup section */
		71867194AE332487A39F7518 /* Pods */ = {
			isa = PBXGroup;
			children = (
				EDE610EBB93C41A938398D1D /* Pods-QuotesProject.debug.xcconfig */,
				4CF8B6E3321256EBAE22954F /* Pods-QuotesProject.release.xcconfig */,
			);
			name = Pods;
			sourceTree = "<group>";
		};
		951A3BB022B29912009634EF /* Extensions */ = {
			isa = PBXGroup;
			children = (
				951A3BB122B2992B009634EF /* UIViewController.swift */,
				95FDDE2122B91EED00F7F1C0 /* UITableViewCell.swift */,
			);
			path = Extensions;
			sourceTree = "<group>";
		};
		95482B8122CF707500A8B013 /* MyOwnQuotes */ = {
			isa = PBXGroup;
			children = (
				95482B8222CF708D00A8B013 /* MyOwnQuotes.swift */,
				953FE45E22D5F5AF009FDE7E /* FavoritesQuotes.swift */,
			);
			path = MyOwnQuotes;
			sourceTree = "<group>";
		};
		9594DB3122C119F500189E7D /* UIScrollView */ = {
			isa = PBXGroup;
			children = (
				9594DB3222C11A2F00189E7D /* RemindersScrollView.swift */,
			);
			path = UIScrollView;
			sourceTree = "<group>";
		};
		95B6F5BD22B3EED40095C342 /* Services */ = {
			isa = PBXGroup;
			children = (
				951A3BA822B13A30009634EF /* QuotesService.swift */,
			);
			path = Services;
			sourceTree = "<group>";
		};
		95B6F5BE22B3EEE70095C342 /* Structures */ = {
			isa = PBXGroup;
			children = (
				951A3BAA22B140EF009634EF /* Quote.swift */,
			);
			path = Structures;
			sourceTree = "<group>";
		};
		95B6F5BF22B3EEFA0095C342 /* CoreData */ = {
			isa = PBXGroup;
			children = (
				95FDE07822A7EFF500849A91 /* QuotesProject.xcdatamodeld */,
				95482B8422CF75DB00A8B013 /* CoreDataManager.swift */,
				95482B8122CF707500A8B013 /* MyOwnQuotes */,
			);
			path = CoreData;
			sourceTree = "<group>";
		};
		95B6F5C022B3F8C60095C342 /* UIView */ = {
			isa = PBXGroup;
			children = (
				951A3BAE22B2935B009634EF /* QuotesView.swift */,
				9511BD9A22D4E11E00ACBD31 /* DisplayMyOwnQuoteView.swift */,
			);
			path = UIView;
			sourceTree = "<group>";
		};
		95FDDE2322B923E800F7F1C0 /* UITableViewCell */ = {
			isa = PBXGroup;
			children = (
				95FDDE2E22B9311C00F7F1C0 /* SideMenuTableViewCell.swift */,
				95482B8622CF7BD000A8B013 /* MyOwnQuotesTableViewCell.swift */,
				953FE46022D5F751009FDE7E /* FavoritesQuotesTableViewCell.swift */,
				95F4187422D79C900038A0E1 /* SearchTableViewCell.swift */,
			);
			path = UITableViewCell;
			sourceTree = "<group>";
		};
		95FDE06522A7EFF500849A91 = {
			isa = PBXGroup;
			children = (
				95FDE07022A7EFF500849A91 /* QuotesProject */,
				951A3BB022B29912009634EF /* Extensions */,
				95FDE08822A7EFF600849A91 /* QuotesProjectTests */,
				95FDE06F22A7EFF500849A91 /* Products */,
				71867194AE332487A39F7518 /* Pods */,
				C03C4748CBB4ACC5B27C912D /* Frameworks */,
			);
			sourceTree = "<group>";
		};
		95FDE06F22A7EFF500849A91 /* Products */ = {
			isa = PBXGroup;
			children = (
				95FDE06E22A7EFF500849A91 /* QuotesProject.app */,
				95FDE08522A7EFF600849A91 /* QuotesProjectTests.xctest */,
			);
			name = Products;
			sourceTree = "<group>";
		};
		95FDE07022A7EFF500849A91 /* QuotesProject */ = {
			isa = PBXGroup;
			children = (
				9547A8B722BBB2760064FAA2 /* QuotesProject.entitlements */,
				95FDE09622A7F03100849A91 /* Model */,
				95FDE09722A7F04200849A91 /* Controller */,
				95FDE09522A7F02900849A91 /* View */,
				95FDE09422A7F01300849A91 /* Supporting Files */,
			);
			path = QuotesProject;
			sourceTree = "<group>";
		};
		95FDE08822A7EFF600849A91 /* QuotesProjectTests */ = {
			isa = PBXGroup;
			children = (
				95FDE08922A7EFF600849A91 /* QuotesProjectTests.swift */,
				95FDE08B22A7EFF600849A91 /* Info.plist */,
			);
			path = QuotesProjectTests;
			sourceTree = "<group>";
		};
		95FDE09422A7F01300849A91 /* Supporting Files */ = {
			isa = PBXGroup;
			children = (
				951A3BAC22B2914F009634EF /* Constants.swift */,
				95FDE07122A7EFF500849A91 /* AppDelegate.swift */,
				95FDE07B22A7EFF600849A91 /* Assets.xcassets */,
				95FDE08022A7EFF600849A91 /* Info.plist */,
			);
			path = "Supporting Files";
			sourceTree = "<group>";
		};
		95FDE09522A7F02900849A91 /* View */ = {
			isa = PBXGroup;
			children = (
				95FDE07522A7EFF500849A91 /* Main.storyboard */,
				95FDE07D22A7EFF600849A91 /* LaunchScreen.storyboard */,
				95FDDE2322B923E800F7F1C0 /* UITableViewCell */,
				9594DB3122C119F500189E7D /* UIScrollView */,
				95B6F5C022B3F8C60095C342 /* UIView */,
			);
			path = View;
			sourceTree = "<group>";
		};
		95FDE09622A7F03100849A91 /* Model */ = {
			isa = PBXGroup;
			children = (
				95B6F5BF22B3EEFA0095C342 /* CoreData */,
				95B6F5BE22B3EEE70095C342 /* Structures */,
				95B6F5BD22B3EED40095C342 /* Services */,
			);
			path = Model;
			sourceTree = "<group>";
		};
		95FDE09722A7F04200849A91 /* Controller */ = {
			isa = PBXGroup;
			children = (
				950CE8A522AEE25A00F67C4A /* QuoteViewController.swift */,
				95FDDE2622B9248C00F7F1C0 /* SideMenuViewController.swift */,
				9594DB3422C11ACD00189E7D /* RemindersViewController.swift */,
				953FE46222D601F3009FDE7E /* FavoritesQuotesViewController.swift */,
				9502D2BB22CCCE1D0014EDFB /* MyOwnQuotesViewController.swift */,
				9511BD9822D4E0F100ACBD31 /* DisplayMyOwnQuoteViewController.swift */,
				95F4187222D79BB30038A0E1 /* SearchViewController.swift */,
			);
			path = Controller;
			sourceTree = "<group>";
		};
		C03C4748CBB4ACC5B27C912D /* Frameworks */ = {
			isa = PBXGroup;
			children = (
				D31EDDE0B12641B179E49F3B /* Pods_QuotesProject.framework */,
			);
			name = Frameworks;
			sourceTree = "<group>";
		};
/* End PBXGroup section */

/* Begin PBXNativeTarget section */
		95FDE06D22A7EFF500849A91 /* QuotesProject */ = {
			isa = PBXNativeTarget;
			buildConfigurationList = 95FDE08E22A7EFF600849A91 /* Build configuration list for PBXNativeTarget "QuotesProject" */;
			buildPhases = (
				9D2A261B097F3C5FCCB59B3C /* [CP] Check Pods Manifest.lock */,
				95FDE06A22A7EFF500849A91 /* Sources */,
				95FDE06B22A7EFF500849A91 /* Frameworks */,
				95FDE06C22A7EFF500849A91 /* Resources */,
				894A6F2B99751BF09FD8C732 /* [CP] Embed Pods Frameworks */,
			);
			buildRules = (
			);
			dependencies = (
			);
			name = QuotesProject;
			productName = QuotesProject;
			productReference = 95FDE06E22A7EFF500849A91 /* QuotesProject.app */;
			productType = "com.apple.product-type.application";
		};
		95FDE08422A7EFF600849A91 /* QuotesProjectTests */ = {
			isa = PBXNativeTarget;
			buildConfigurationList = 95FDE09122A7EFF600849A91 /* Build configuration list for PBXNativeTarget "QuotesProjectTests" */;
			buildPhases = (
				95FDE08122A7EFF600849A91 /* Sources */,
				95FDE08222A7EFF600849A91 /* Frameworks */,
				95FDE08322A7EFF600849A91 /* Resources */,
			);
			buildRules = (
			);
			dependencies = (
				95FDE08722A7EFF600849A91 /* PBXTargetDependency */,
			);
			name = QuotesProjectTests;
			productName = QuotesProjectTests;
			productReference = 95FDE08522A7EFF600849A91 /* QuotesProjectTests.xctest */;
			productType = "com.apple.product-type.bundle.unit-test";
		};
/* End PBXNativeTarget section */

/* Begin PBXProject section */
		95FDE06622A7EFF500849A91 /* Project object */ = {
			isa = PBXProject;
			attributes = {
				LastSwiftUpdateCheck = 1010;
				LastUpgradeCheck = 1010;
				ORGANIZATIONNAME = "Christophe DURAND";
				TargetAttributes = {
					95FDE06D22A7EFF500849A91 = {
						CreatedOnToolsVersion = 10.1;
						LastSwiftMigration = 1020;
						SystemCapabilities = {
							com.apple.BackgroundModes = {
								enabled = 1;
							};
							com.apple.Push = {
								enabled = 1;
							};
						};
					};
					95FDE08422A7EFF600849A91 = {
						CreatedOnToolsVersion = 10.1;
						LastSwiftMigration = 1020;
						TestTargetID = 95FDE06D22A7EFF500849A91;
					};
				};
			};
			buildConfigurationList = 95FDE06922A7EFF500849A91 /* Build configuration list for PBXProject "QuotesProject" */;
			compatibilityVersion = "Xcode 9.3";
			developmentRegion = en;
			hasScannedForEncodings = 0;
			knownRegions = (
				en,
				Base,
			);
			mainGroup = 95FDE06522A7EFF500849A91;
			productRefGroup = 95FDE06F22A7EFF500849A91 /* Products */;
			projectDirPath = "";
			projectRoot = "";
			targets = (
				95FDE06D22A7EFF500849A91 /* QuotesProject */,
				95FDE08422A7EFF600849A91 /* QuotesProjectTests */,
			);
		};
/* End PBXProject section */

/* Begin PBXResourcesBuildPhase section */
		95FDE06C22A7EFF500849A91 /* Resources */ = {
			isa = PBXResourcesBuildPhase;
			buildActionMask = 2147483647;
			files = (
				95FDE07F22A7EFF600849A91 /* LaunchScreen.storyboard in Resources */,
				95FDE07C22A7EFF600849A91 /* Assets.xcassets in Resources */,
				95FDE07722A7EFF500849A91 /* Main.storyboard in Resources */,
			);
			runOnlyForDeploymentPostprocessing = 0;
		};
		95FDE08322A7EFF600849A91 /* Resources */ = {
			isa = PBXResourcesBuildPhase;
			buildActionMask = 2147483647;
			files = (
			);
			runOnlyForDeploymentPostprocessing = 0;
		};
/* End PBXResourcesBuildPhase section */

/* Begin PBXShellScriptBuildPhase section */
		894A6F2B99751BF09FD8C732 /* [CP] Embed Pods Frameworks */ = {
			isa = PBXShellScriptBuildPhase;
			buildActionMask = 2147483647;
			files = (
			);
			inputFileListPaths = (
			);
			inputPaths = (
				"${SRCROOT}/Pods/Target Support Files/Pods-QuotesProject/Pods-QuotesProject-frameworks.sh",
				"${BUILT_PRODUCTS_DIR}/SideMenu/SideMenu.framework",
			);
			name = "[CP] Embed Pods Frameworks";
			outputFileListPaths = (
			);
			outputPaths = (
				"${TARGET_BUILD_DIR}/${FRAMEWORKS_FOLDER_PATH}/SideMenu.framework",
			);
			runOnlyForDeploymentPostprocessing = 0;
			shellPath = /bin/sh;
			shellScript = "\"${SRCROOT}/Pods/Target Support Files/Pods-QuotesProject/Pods-QuotesProject-frameworks.sh\"\n";
			showEnvVarsInLog = 0;
		};
		9D2A261B097F3C5FCCB59B3C /* [CP] Check Pods Manifest.lock */ = {
			isa = PBXShellScriptBuildPhase;
			buildActionMask = 2147483647;
			files = (
			);
			inputFileListPaths = (
			);
			inputPaths = (
				"${PODS_PODFILE_DIR_PATH}/Podfile.lock",
				"${PODS_ROOT}/Manifest.lock",
			);
			name = "[CP] Check Pods Manifest.lock";
			outputFileListPaths = (
			);
			outputPaths = (
				"$(DERIVED_FILE_DIR)/Pods-QuotesProject-checkManifestLockResult.txt",
			);
			runOnlyForDeploymentPostprocessing = 0;
			shellPath = /bin/sh;
			shellScript = "diff \"${PODS_PODFILE_DIR_PATH}/Podfile.lock\" \"${PODS_ROOT}/Manifest.lock\" > /dev/null\nif [ $? != 0 ] ; then\n    # print error to STDERR\n    echo \"error: The sandbox is not in sync with the Podfile.lock. Run 'pod install' or update your CocoaPods installation.\" >&2\n    exit 1\nfi\n# This output is used by Xcode 'outputs' to avoid re-running this script phase.\necho \"SUCCESS\" > \"${SCRIPT_OUTPUT_FILE_0}\"\n";
			showEnvVarsInLog = 0;
		};
/* End PBXShellScriptBuildPhase section */

/* Begin PBXSourcesBuildPhase section */
		95FDE06A22A7EFF500849A91 /* Sources */ = {
			isa = PBXSourcesBuildPhase;
			buildActionMask = 2147483647;
			files = (
				953FE45F22D5F5AF009FDE7E /* FavoritesQuotes.swift in Sources */,
				951A3BA922B13A30009634EF /* QuotesService.swift in Sources */,
				9594DB3522C11ACD00189E7D /* RemindersViewController.swift in Sources */,
				950CE8A622AEE25A00F67C4A /* QuoteViewController.swift in Sources */,
				95FDDE2F22B9311C00F7F1C0 /* SideMenuTableViewCell.swift in Sources */,
				95482B8522CF75DB00A8B013 /* CoreDataManager.swift in Sources */,
				95FDE07A22A7EFF500849A91 /* QuotesProject.xcdatamodeld in Sources */,
				95FDDE2722B9248C00F7F1C0 /* SideMenuViewController.swift in Sources */,
				951A3BAB22B140EF009634EF /* Quote.swift in Sources */,
				95482B8322CF708D00A8B013 /* MyOwnQuotes.swift in Sources */,
				9511BD9922D4E0F100ACBD31 /* DisplayMyOwnQuoteViewController.swift in Sources */,
				95FDDE2222B91EED00F7F1C0 /* UITableViewCell.swift in Sources */,
				953FE46122D5F751009FDE7E /* FavoritesQuotesTableViewCell.swift in Sources */,
				95F4187322D79BB30038A0E1 /* SearchViewController.swift in Sources */,
				9502D2BC22CCCE1D0014EDFB /* MyOwnQuotesViewController.swift in Sources */,
				95FDE07222A7EFF500849A91 /* AppDelegate.swift in Sources */,
				953FE46322D601F3009FDE7E /* FavoritesQuotesViewController.swift in Sources */,
				951A3BAF22B2935B009634EF /* QuotesView.swift in Sources */,
				9511BD9B22D4E11E00ACBD31 /* DisplayMyOwnQuoteView.swift in Sources */,
				951A3BB222B2992B009634EF /* UIViewController.swift in Sources */,
				951A3BAD22B2914F009634EF /* Constants.swift in Sources */,
				95F4187522D79C900038A0E1 /* SearchTableViewCell.swift in Sources */,
				9594DB3322C11A2F00189E7D /* RemindersScrollView.swift in Sources */,
				95482B8722CF7BD000A8B013 /* MyOwnQuotesTableViewCell.swift in Sources */,
			);
			runOnlyForDeploymentPostprocessing = 0;
		};
		95FDE08122A7EFF600849A91 /* Sources */ = {
			isa = PBXSourcesBuildPhase;
			buildActionMask = 2147483647;
			files = (
				95FDE08A22A7EFF600849A91 /* QuotesProjectTests.swift in Sources */,
			);
			runOnlyForDeploymentPostprocessing = 0;
		};
/* End PBXSourcesBuildPhase section */

/* Begin PBXTargetDependency section */
		95FDE08722A7EFF600849A91 /* PBXTargetDependency */ = {
			isa = PBXTargetDependency;
			target = 95FDE06D22A7EFF500849A91 /* QuotesProject */;
			targetProxy = 95FDE08622A7EFF600849A91 /* PBXContainerItemProxy */;
		};
/* End PBXTargetDependency section */

/* Begin PBXVariantGroup section */
		95FDE07522A7EFF500849A91 /* Main.storyboard */ = {
			isa = PBXVariantGroup;
			children = (
				95FDE07622A7EFF500849A91 /* Base */,
			);
			name = Main.storyboard;
			sourceTree = "<group>";
		};
		95FDE07D22A7EFF600849A91 /* LaunchScreen.storyboard */ = {
			isa = PBXVariantGroup;
			children = (
				95FDE07E22A7EFF600849A91 /* Base */,
			);
			name = LaunchScreen.storyboard;
			sourceTree = "<group>";
		};
/* End PBXVariantGroup section */

/* Begin XCBuildConfiguration section */
		95FDE08C22A7EFF600849A91 /* Debug */ = {
			isa = XCBuildConfiguration;
			buildSettings = {
				ALWAYS_SEARCH_USER_PATHS = NO;
				CLANG_ANALYZER_NONNULL = YES;
				CLANG_ANALYZER_NUMBER_OBJECT_CONVERSION = YES_AGGRESSIVE;
				CLANG_CXX_LANGUAGE_STANDARD = "gnu++14";
				CLANG_CXX_LIBRARY = "libc++";
				CLANG_ENABLE_MODULES = YES;
				CLANG_ENABLE_OBJC_ARC = YES;
				CLANG_ENABLE_OBJC_WEAK = YES;
				CLANG_WARN_BLOCK_CAPTURE_AUTORELEASING = YES;
				CLANG_WARN_BOOL_CONVERSION = YES;
				CLANG_WARN_COMMA = YES;
				CLANG_WARN_CONSTANT_CONVERSION = YES;
				CLANG_WARN_DEPRECATED_OBJC_IMPLEMENTATIONS = YES;
				CLANG_WARN_DIRECT_OBJC_ISA_USAGE = YES_ERROR;
				CLANG_WARN_DOCUMENTATION_COMMENTS = YES;
				CLANG_WARN_EMPTY_BODY = YES;
				CLANG_WARN_ENUM_CONVERSION = YES;
				CLANG_WARN_INFINITE_RECURSION = YES;
				CLANG_WARN_INT_CONVERSION = YES;
				CLANG_WARN_NON_LITERAL_NULL_CONVERSION = YES;
				CLANG_WARN_OBJC_IMPLICIT_RETAIN_SELF = YES;
				CLANG_WARN_OBJC_LITERAL_CONVERSION = YES;
				CLANG_WARN_OBJC_ROOT_CLASS = YES_ERROR;
				CLANG_WARN_RANGE_LOOP_ANALYSIS = YES;
				CLANG_WARN_STRICT_PROTOTYPES = YES;
				CLANG_WARN_SUSPICIOUS_MOVE = YES;
				CLANG_WARN_UNGUARDED_AVAILABILITY = YES_AGGRESSIVE;
				CLANG_WARN_UNREACHABLE_CODE = YES;
				CLANG_WARN__DUPLICATE_METHOD_MATCH = YES;
				CODE_SIGN_IDENTITY = "iPhone Developer";
				COPY_PHASE_STRIP = NO;
				DEBUG_INFORMATION_FORMAT = dwarf;
				ENABLE_STRICT_OBJC_MSGSEND = YES;
				ENABLE_TESTABILITY = YES;
				GCC_C_LANGUAGE_STANDARD = gnu11;
				GCC_DYNAMIC_NO_PIC = NO;
				GCC_NO_COMMON_BLOCKS = YES;
				GCC_OPTIMIZATION_LEVEL = 0;
				GCC_PREPROCESSOR_DEFINITIONS = (
					"DEBUG=1",
					"$(inherited)",
				);
				GCC_WARN_64_TO_32_BIT_CONVERSION = YES;
				GCC_WARN_ABOUT_RETURN_TYPE = YES_ERROR;
				GCC_WARN_UNDECLARED_SELECTOR = YES;
				GCC_WARN_UNINITIALIZED_AUTOS = YES_AGGRESSIVE;
				GCC_WARN_UNUSED_FUNCTION = YES;
				GCC_WARN_UNUSED_VARIABLE = YES;
				IPHONEOS_DEPLOYMENT_TARGET = 12.1;
				MTL_ENABLE_DEBUG_INFO = INCLUDE_SOURCE;
				MTL_FAST_MATH = YES;
				ONLY_ACTIVE_ARCH = YES;
				SDKROOT = iphoneos;
				SWIFT_ACTIVE_COMPILATION_CONDITIONS = DEBUG;
				SWIFT_OPTIMIZATION_LEVEL = "-Onone";
			};
			name = Debug;
		};
		95FDE08D22A7EFF600849A91 /* Release */ = {
			isa = XCBuildConfiguration;
			buildSettings = {
				ALWAYS_SEARCH_USER_PATHS = NO;
				CLANG_ANALYZER_NONNULL = YES;
				CLANG_ANALYZER_NUMBER_OBJECT_CONVERSION = YES_AGGRESSIVE;
				CLANG_CXX_LANGUAGE_STANDARD = "gnu++14";
				CLANG_CXX_LIBRARY = "libc++";
				CLANG_ENABLE_MODULES = YES;
				CLANG_ENABLE_OBJC_ARC = YES;
				CLANG_ENABLE_OBJC_WEAK = YES;
				CLANG_WARN_BLOCK_CAPTURE_AUTORELEASING = YES;
				CLANG_WARN_BOOL_CONVERSION = YES;
				CLANG_WARN_COMMA = YES;
				CLANG_WARN_CONSTANT_CONVERSION = YES;
				CLANG_WARN_DEPRECATED_OBJC_IMPLEMENTATIONS = YES;
				CLANG_WARN_DIRECT_OBJC_ISA_USAGE = YES_ERROR;
				CLANG_WARN_DOCUMENTATION_COMMENTS = YES;
				CLANG_WARN_EMPTY_BODY = YES;
				CLANG_WARN_ENUM_CONVERSION = YES;
				CLANG_WARN_INFINITE_RECURSION = YES;
				CLANG_WARN_INT_CONVERSION = YES;
				CLANG_WARN_NON_LITERAL_NULL_CONVERSION = YES;
				CLANG_WARN_OBJC_IMPLICIT_RETAIN_SELF = YES;
				CLANG_WARN_OBJC_LITERAL_CONVERSION = YES;
				CLANG_WARN_OBJC_ROOT_CLASS = YES_ERROR;
				CLANG_WARN_RANGE_LOOP_ANALYSIS = YES;
				CLANG_WARN_STRICT_PROTOTYPES = YES;
				CLANG_WARN_SUSPICIOUS_MOVE = YES;
				CLANG_WARN_UNGUARDED_AVAILABILITY = YES_AGGRESSIVE;
				CLANG_WARN_UNREACHABLE_CODE = YES;
				CLANG_WARN__DUPLICATE_METHOD_MATCH = YES;
				CODE_SIGN_IDENTITY = "iPhone Developer";
				COPY_PHASE_STRIP = NO;
				DEBUG_INFORMATION_FORMAT = "dwarf-with-dsym";
				ENABLE_NS_ASSERTIONS = NO;
				ENABLE_STRICT_OBJC_MSGSEND = YES;
				GCC_C_LANGUAGE_STANDARD = gnu11;
				GCC_NO_COMMON_BLOCKS = YES;
				GCC_WARN_64_TO_32_BIT_CONVERSION = YES;
				GCC_WARN_ABOUT_RETURN_TYPE = YES_ERROR;
				GCC_WARN_UNDECLARED_SELECTOR = YES;
				GCC_WARN_UNINITIALIZED_AUTOS = YES_AGGRESSIVE;
				GCC_WARN_UNUSED_FUNCTION = YES;
				GCC_WARN_UNUSED_VARIABLE = YES;
				IPHONEOS_DEPLOYMENT_TARGET = 12.1;
				MTL_ENABLE_DEBUG_INFO = NO;
				MTL_FAST_MATH = YES;
				SDKROOT = iphoneos;
				SWIFT_COMPILATION_MODE = wholemodule;
				SWIFT_OPTIMIZATION_LEVEL = "-O";
				VALIDATE_PRODUCT = YES;
			};
			name = Release;
		};
		95FDE08F22A7EFF600849A91 /* Debug */ = {
			isa = XCBuildConfiguration;
			baseConfigurationReference = EDE610EBB93C41A938398D1D /* Pods-QuotesProject.debug.xcconfig */;
			buildSettings = {
				ASSETCATALOG_COMPILER_APPICON_NAME = AppIcon;
				CODE_SIGN_ENTITLEMENTS = QuotesProject/QuotesProject.entitlements;
				CODE_SIGN_STYLE = Automatic;
				DEVELOPMENT_TEAM = SYU76B2V84;
				INFOPLIST_FILE = "$(SRCROOT)/QuotesProject/Supporting Files/Info.plist";
				LD_RUNPATH_SEARCH_PATHS = (
					"$(inherited)",
					"@executable_path/Frameworks",
				);
				PRODUCT_BUNDLE_IDENTIFIER = com.christophedurand.QuotesProject;
				PRODUCT_NAME = "$(TARGET_NAME)";
				SWIFT_VERSION = 5.0;
				TARGETED_DEVICE_FAMILY = 1;
			};
			name = Debug;
		};
		95FDE09022A7EFF600849A91 /* Release */ = {
			isa = XCBuildConfiguration;
			baseConfigurationReference = 4CF8B6E3321256EBAE22954F /* Pods-QuotesProject.release.xcconfig */;
			buildSettings = {
				ASSETCATALOG_COMPILER_APPICON_NAME = AppIcon;
				CODE_SIGN_ENTITLEMENTS = QuotesProject/QuotesProject.entitlements;
				CODE_SIGN_STYLE = Automatic;
				DEVELOPMENT_TEAM = SYU76B2V84;
				INFOPLIST_FILE = "$(SRCROOT)/QuotesProject/Supporting Files/Info.plist";
				LD_RUNPATH_SEARCH_PATHS = (
					"$(inherited)",
					"@executable_path/Frameworks",
				);
				PRODUCT_BUNDLE_IDENTIFIER = com.christophedurand.QuotesProject;
				PRODUCT_NAME = "$(TARGET_NAME)";
				SWIFT_VERSION = 5.0;
				TARGETED_DEVICE_FAMILY = 1;
			};
			name = Release;
		};
		95FDE09222A7EFF600849A91 /* Debug */ = {
			isa = XCBuildConfiguration;
			buildSettings = {
				ALWAYS_EMBED_SWIFT_STANDARD_LIBRARIES = YES;
				BUNDLE_LOADER = "$(TEST_HOST)";
				CODE_SIGN_STYLE = Automatic;
				DEVELOPMENT_TEAM = SYU76B2V84;
				INFOPLIST_FILE = QuotesProjectTests/Info.plist;
				LD_RUNPATH_SEARCH_PATHS = (
					"$(inherited)",
					"@executable_path/Frameworks",
					"@loader_path/Frameworks",
				);
				PRODUCT_BUNDLE_IDENTIFIER = com.christophedurand.QuotesProjectTests;
				PRODUCT_NAME = "$(TARGET_NAME)";
				SWIFT_VERSION = 5.0;
				TARGETED_DEVICE_FAMILY = "1,2";
				TEST_HOST = "$(BUILT_PRODUCTS_DIR)/QuotesProject.app/QuotesProject";
			};
			name = Debug;
		};
		95FDE09322A7EFF600849A91 /* Release */ = {
			isa = XCBuildConfiguration;
			buildSettings = {
				ALWAYS_EMBED_SWIFT_STANDARD_LIBRARIES = YES;
				BUNDLE_LOADER = "$(TEST_HOST)";
				CODE_SIGN_STYLE = Automatic;
				DEVELOPMENT_TEAM = SYU76B2V84;
				INFOPLIST_FILE = QuotesProjectTests/Info.plist;
				LD_RUNPATH_SEARCH_PATHS = (
					"$(inherited)",
					"@executable_path/Frameworks",
					"@loader_path/Frameworks",
				);
				PRODUCT_BUNDLE_IDENTIFIER = com.christophedurand.QuotesProjectTests;
				PRODUCT_NAME = "$(TARGET_NAME)";
				SWIFT_VERSION = 5.0;
				TARGETED_DEVICE_FAMILY = "1,2";
				TEST_HOST = "$(BUILT_PRODUCTS_DIR)/QuotesProject.app/QuotesProject";
			};
			name = Release;
		};
/* End XCBuildConfiguration section */

/* Begin XCConfigurationList section */
		95FDE06922A7EFF500849A91 /* Build configuration list for PBXProject "QuotesProject" */ = {
			isa = XCConfigurationList;
			buildConfigurations = (
				95FDE08C22A7EFF600849A91 /* Debug */,
				95FDE08D22A7EFF600849A91 /* Release */,
			);
			defaultConfigurationIsVisible = 0;
			defaultConfigurationName = Release;
		};
		95FDE08E22A7EFF600849A91 /* Build configuration list for PBXNativeTarget "QuotesProject" */ = {
			isa = XCConfigurationList;
			buildConfigurations = (
				95FDE08F22A7EFF600849A91 /* Debug */,
				95FDE09022A7EFF600849A91 /* Release */,
			);
			defaultConfigurationIsVisible = 0;
			defaultConfigurationName = Release;
		};
		95FDE09122A7EFF600849A91 /* Build configuration list for PBXNativeTarget "QuotesProjectTests" */ = {
			isa = XCConfigurationList;
			buildConfigurations = (
				95FDE09222A7EFF600849A91 /* Debug */,
				95FDE09322A7EFF600849A91 /* Release */,
			);
			defaultConfigurationIsVisible = 0;
			defaultConfigurationName = Release;
		};
/* End XCConfigurationList section */

/* Begin XCVersionGroup section */
		95FDE07822A7EFF500849A91 /* QuotesProject.xcdatamodeld */ = {
			isa = XCVersionGroup;
			children = (
				95FDE07922A7EFF500849A91 /* QuotesProject.xcdatamodel */,
			);
			currentVersion = 95FDE07922A7EFF500849A91 /* QuotesProject.xcdatamodel */;
			path = QuotesProject.xcdatamodeld;
			sourceTree = "<group>";
			versionGroupType = wrapper.xcdatamodel;
		};
/* End XCVersionGroup section */
	};
	rootObject = 95FDE06622A7EFF500849A91 /* Project object */;
}
