// !$*UTF8*$!
{
	archiveVersion = 1;
	classes = {
	};
	objectVersion = 51;
	objects = {

/* Begin PBXBuildFile section */
		9502D2BC22CCCE1D0014EDFB /* MyOwnQuotesViewController.swift in Sources */ = {isa = PBXBuildFile; fileRef = 9502D2BB22CCCE1D0014EDFB /* MyOwnQuotesViewController.swift */; };
		950389E922F85B5F001FF74F /* RandomQuotesService.swift in Sources */ = {isa = PBXBuildFile; fileRef = 950389E822F85B5F001FF74F /* RandomQuotesService.swift */; };
		950389EB22F85D78001FF74F /* RandomQuote.swift in Sources */ = {isa = PBXBuildFile; fileRef = 950389EA22F85D78001FF74F /* RandomQuote.swift */; };
		950389EF22F86059001FF74F /* RandomQuotesView.swift in Sources */ = {isa = PBXBuildFile; fileRef = 950389EE22F86059001FF74F /* RandomQuotesView.swift */; };
		950CE8A622AEE25A00F67C4A /* RandomQuotesViewController.swift in Sources */ = {isa = PBXBuildFile; fileRef = 950CE8A522AEE25A00F67C4A /* RandomQuotesViewController.swift */; };
		9511BD9922D4E0F100ACBD31 /* DisplayMyOwnQuoteViewController.swift in Sources */ = {isa = PBXBuildFile; fileRef = 9511BD9822D4E0F100ACBD31 /* DisplayMyOwnQuoteViewController.swift */; };
		9511BD9B22D4E11E00ACBD31 /* MyOwnQuoteView.swift in Sources */ = {isa = PBXBuildFile; fileRef = 9511BD9A22D4E11E00ACBD31 /* MyOwnQuoteView.swift */; };
		95142F1522E7432700224CA3 /* DisplayFavoriteQuoteViewController.swift in Sources */ = {isa = PBXBuildFile; fileRef = 95142F1422E7432700224CA3 /* DisplayFavoriteQuoteViewController.swift */; };
		95142F1922E7452700224CA3 /* FavoriteQuoteView.swift in Sources */ = {isa = PBXBuildFile; fileRef = 95142F1822E7452700224CA3 /* FavoriteQuoteView.swift */; };
		951A3BA922B13A30009634EF /* QuoteOfTheDayService.swift in Sources */ = {isa = PBXBuildFile; fileRef = 951A3BA822B13A30009634EF /* QuoteOfTheDayService.swift */; };
		951A3BAB22B140EF009634EF /* QuoteOfTheDay.swift in Sources */ = {isa = PBXBuildFile; fileRef = 951A3BAA22B140EF009634EF /* QuoteOfTheDay.swift */; };
		951A3BAD22B2914F009634EF /* Constants.swift in Sources */ = {isa = PBXBuildFile; fileRef = 951A3BAC22B2914F009634EF /* Constants.swift */; };
		951A3BB222B2992B009634EF /* UIViewController.swift in Sources */ = {isa = PBXBuildFile; fileRef = 951A3BB122B2992B009634EF /* UIViewController.swift */; };
		953FE45F22D5F5AF009FDE7E /* FavoriteQuote.swift in Sources */ = {isa = PBXBuildFile; fileRef = 953FE45E22D5F5AF009FDE7E /* FavoriteQuote.swift */; };
		953FE46122D5F751009FDE7E /* FavoritesQuotesTableViewCell.swift in Sources */ = {isa = PBXBuildFile; fileRef = 953FE46022D5F751009FDE7E /* FavoritesQuotesTableViewCell.swift */; };
		953FE46322D601F3009FDE7E /* FavoritesQuotesViewController.swift in Sources */ = {isa = PBXBuildFile; fileRef = 953FE46222D601F3009FDE7E /* FavoritesQuotesViewController.swift */; };
		95482B8322CF708D00A8B013 /* MyOwnQuote.swift in Sources */ = {isa = PBXBuildFile; fileRef = 95482B8222CF708D00A8B013 /* MyOwnQuote.swift */; };
		95482B8522CF75DB00A8B013 /* CoreDataManager.swift in Sources */ = {isa = PBXBuildFile; fileRef = 95482B8422CF75DB00A8B013 /* CoreDataManager.swift */; };
		95482B8722CF7BD000A8B013 /* MyOwnQuotesTableViewCell.swift in Sources */ = {isa = PBXBuildFile; fileRef = 95482B8622CF7BD000A8B013 /* MyOwnQuotesTableViewCell.swift */; };
		9548B8CE22E617A500D120F0 /* RenderImageService.swift in Sources */ = {isa = PBXBuildFile; fileRef = 9548B8CD22E617A500D120F0 /* RenderImageService.swift */; };
		956FC2EF22E89CFC00009FAA /* CategoriesQuotesViewController.swift in Sources */ = {isa = PBXBuildFile; fileRef = 956FC2EE22E89CFC00009FAA /* CategoriesQuotesViewController.swift */; };
		956FC2F122E8A0ED00009FAA /* CategoriesQuotesCollectionViewCell.swift in Sources */ = {isa = PBXBuildFile; fileRef = 956FC2F022E8A0ED00009FAA /* CategoriesQuotesCollectionViewCell.swift */; };
		956FC2F322E8A8EC00009FAA /* CategoryQuote.swift in Sources */ = {isa = PBXBuildFile; fileRef = 956FC2F222E8A8EC00009FAA /* CategoryQuote.swift */; };
		956FC2F522E8AA5E00009FAA /* CategoryQuoteService.swift in Sources */ = {isa = PBXBuildFile; fileRef = 956FC2F422E8AA5E00009FAA /* CategoryQuoteService.swift */; };
		956FC2F722E8B3F100009FAA /* DisplayCategoryQuoteViewController.swift in Sources */ = {isa = PBXBuildFile; fileRef = 956FC2F622E8B3F100009FAA /* DisplayCategoryQuoteViewController.swift */; };
		956FC2F922E8B53100009FAA /* CategoryQuoteView.swift in Sources */ = {isa = PBXBuildFile; fileRef = 956FC2F822E8B53100009FAA /* CategoryQuoteView.swift */; };
		956FC2FB22E8E42600009FAA /* CategoryImage.swift in Sources */ = {isa = PBXBuildFile; fileRef = 956FC2FA22E8E42600009FAA /* CategoryImage.swift */; };
		956FC2FD22E8E69200009FAA /* RandomImageService.swift in Sources */ = {isa = PBXBuildFile; fileRef = 956FC2FC22E8E69200009FAA /* RandomImageService.swift */; };
		956FC30022E8EC7200009FAA /* RandomImagesViewController.swift in Sources */ = {isa = PBXBuildFile; fileRef = 956FC2FF22E8EC7200009FAA /* RandomImagesViewController.swift */; };
		956FC30222E8ECAC00009FAA /* ImageQuoteView.swift in Sources */ = {isa = PBXBuildFile; fileRef = 956FC30122E8ECAC00009FAA /* ImageQuoteView.swift */; };
		95731C6222EF62A800116876 /* FavoritesImagesViewController.swift in Sources */ = {isa = PBXBuildFile; fileRef = 95731C6122EF62A800116876 /* FavoritesImagesViewController.swift */; };
		95731C6422EF638B00116876 /* FavoriteImage.swift in Sources */ = {isa = PBXBuildFile; fileRef = 95731C6322EF638B00116876 /* FavoriteImage.swift */; };
		95731C6622EF654800116876 /* FavoritesImagesCollectionViewCell.swift in Sources */ = {isa = PBXBuildFile; fileRef = 95731C6522EF654800116876 /* FavoritesImagesCollectionViewCell.swift */; };
		95731C6822EF6ADF00116876 /* FooterCollectionReusableView.swift in Sources */ = {isa = PBXBuildFile; fileRef = 95731C6722EF6ADF00116876 /* FooterCollectionReusableView.swift */; };
		95731C6A22EF6C1900116876 /* UIView.swift in Sources */ = {isa = PBXBuildFile; fileRef = 95731C6922EF6C1900116876 /* UIView.swift */; };
		95731C6D22EF6E6600116876 /* DisplayFavoriteImageViewController.swift in Sources */ = {isa = PBXBuildFile; fileRef = 95731C6C22EF6E6600116876 /* DisplayFavoriteImageViewController.swift */; };
		95731C6F22EF73AC00116876 /* FavoriteImageView.swift in Sources */ = {isa = PBXBuildFile; fileRef = 95731C6E22EF73AC00116876 /* FavoriteImageView.swift */; };
		957F874C22FEEEB300F2342F /* NotificationsManager.swift in Sources */ = {isa = PBXBuildFile; fileRef = 957F874B22FEEEB300F2342F /* NotificationsManager.swift */; };
		9594DB3522C11ACD00189E7D /* RemindersViewController.swift in Sources */ = {isa = PBXBuildFile; fileRef = 9594DB3422C11ACD00189E7D /* RemindersViewController.swift */; };
		95A5DA40230AF83100712C63 /* QuoteOfTheDayServiceTests.swift in Sources */ = {isa = PBXBuildFile; fileRef = 95A5DA3F230AF83100712C63 /* QuoteOfTheDayServiceTests.swift */; };
		95A5DA43230AFF4100712C63 /* RandomQuotesService.json in Resources */ = {isa = PBXBuildFile; fileRef = 95A5DA42230AFF4100712C63 /* RandomQuotesService.json */; };
		95A5DA45230AFFA100712C63 /* RandomQuoteService.json in Resources */ = {isa = PBXBuildFile; fileRef = 95A5DA44230AFFA100712C63 /* RandomQuoteService.json */; };
		95A5DA47230B000A00712C63 /* RandomQuotesServiceTests.swift in Sources */ = {isa = PBXBuildFile; fileRef = 95A5DA46230B000A00712C63 /* RandomQuotesServiceTests.swift */; };
		95A5DA49230B009D00712C63 /* RandomQuoteService.swift in Sources */ = {isa = PBXBuildFile; fileRef = 95A5DA48230B009D00712C63 /* RandomQuoteService.swift */; };
		95A5DA4C230B033B00712C63 /* RandomQuoteServiceTests.swift in Sources */ = {isa = PBXBuildFile; fileRef = 95A5DA4B230B033B00712C63 /* RandomQuoteServiceTests.swift */; };
		95A5DA4F230B04AA00712C63 /* CategoryQuoteService.json in Resources */ = {isa = PBXBuildFile; fileRef = 95A5DA4E230B04AA00712C63 /* CategoryQuoteService.json */; };
		95A5DA51230B054A00712C63 /* CategoryQuoteServiceTests.swift in Sources */ = {isa = PBXBuildFile; fileRef = 95A5DA50230B054A00712C63 /* CategoryQuoteServiceTests.swift */; };
		95A5DA56230B090F00712C63 /* CategoryImageService.swift in Sources */ = {isa = PBXBuildFile; fileRef = 95A5DA55230B090F00712C63 /* CategoryImageService.swift */; };
		95A5DA58230B0B1800712C63 /* RandomImageService.json in Resources */ = {isa = PBXBuildFile; fileRef = 95A5DA57230B0B1700712C63 /* RandomImageService.json */; };
		95A5DA5A230B0BB200712C63 /* RandomImageServiceTests.swift in Sources */ = {isa = PBXBuildFile; fileRef = 95A5DA59230B0BB200712C63 /* RandomImageServiceTests.swift */; };
		95A5DA60230B118900712C63 /* CategoryImageService.json in Resources */ = {isa = PBXBuildFile; fileRef = 95A5DA5F230B118900712C63 /* CategoryImageService.json */; };
		95A5DA62230B126D00712C63 /* CategoryImageServiceTests.swift in Sources */ = {isa = PBXBuildFile; fileRef = 95A5DA61230B126D00712C63 /* CategoryImageServiceTests.swift */; };
		95A5DA65230B152500712C63 /* CoreDataTests.swift in Sources */ = {isa = PBXBuildFile; fileRef = 95A5DA64230B152500712C63 /* CoreDataTests.swift */; };
		95A5DA68230B226A00712C63 /* NotificationsManagerTests.swift in Sources */ = {isa = PBXBuildFile; fileRef = 95A5DA67230B226A00712C63 /* NotificationsManagerTests.swift */; };
		95A6551D22E1F87300A46A25 /* QuoteOfTheDayViewController.swift in Sources */ = {isa = PBXBuildFile; fileRef = 95A6551C22E1F87300A46A25 /* QuoteOfTheDayViewController.swift */; };
		95A6551F22E1F8A900A46A25 /* QuoteOfTheDayView.swift in Sources */ = {isa = PBXBuildFile; fileRef = 95A6551E22E1F8A900A46A25 /* QuoteOfTheDayView.swift */; };
		95A6552422E2314E00A46A25 /* ImagePicker.swift in Sources */ = {isa = PBXBuildFile; fileRef = 95A6552322E2314E00A46A25 /* ImagePicker.swift */; };
		95B4ABCF22FDB4C4007E49E0 /* CategoriesImagesCollectionViewCell.swift in Sources */ = {isa = PBXBuildFile; fileRef = 95B4ABCE22FDB4C4007E49E0 /* CategoriesImagesCollectionViewCell.swift */; };
		95B4ABD322FDB601007E49E0 /* CategoriesImagesViewController.swift in Sources */ = {isa = PBXBuildFile; fileRef = 95B4ABD222FDB601007E49E0 /* CategoriesImagesViewController.swift */; };
		95B4ABD522FDD437007E49E0 /* DisplayCategoryImageView.swift in Sources */ = {isa = PBXBuildFile; fileRef = 95B4ABD422FDD437007E49E0 /* DisplayCategoryImageView.swift */; };
		95B4ABD822FDD580007E49E0 /* DisplayCategoryImageViewController.swift in Sources */ = {isa = PBXBuildFile; fileRef = 95B4ABD722FDD580007E49E0 /* DisplayCategoryImageViewController.swift */; };
		95B4C33022F9C06300897505 /* Slide.xib in Resources */ = {isa = PBXBuildFile; fileRef = 95B4C32F22F9C06300897505 /* Slide.xib */; };
		95B4C33222F9C08900897505 /* SlideView.swift in Sources */ = {isa = PBXBuildFile; fileRef = 95B4C33122F9C08900897505 /* SlideView.swift */; };
		95C4FE0122E0C50E0035AF56 /* UICollectionViewCell.swift in Sources */ = {isa = PBXBuildFile; fileRef = 95C4FE0022E0C50E0035AF56 /* UICollectionViewCell.swift */; };
		95CE217D230AF13500213811 /* URLSessionFake.swift in Sources */ = {isa = PBXBuildFile; fileRef = 95CE217C230AF13500213811 /* URLSessionFake.swift */; };
		95CE217F230AF16600213811 /* FakeResponseData.swift in Sources */ = {isa = PBXBuildFile; fileRef = 95CE217E230AF16600213811 /* FakeResponseData.swift */; };
		95CE2182230AF33800213811 /* QuoteOfTheDayService.json in Resources */ = {isa = PBXBuildFile; fileRef = 95CE2181230AF33800213811 /* QuoteOfTheDayService.json */; };
		95D0B96F22EB2C8000CC0530 /* UILabel.swift in Sources */ = {isa = PBXBuildFile; fileRef = 95D0B96E22EB2C8000CC0530 /* UILabel.swift */; };
		95FDDE2222B91EED00F7F1C0 /* UITableViewCell.swift in Sources */ = {isa = PBXBuildFile; fileRef = 95FDDE2122B91EED00F7F1C0 /* UITableViewCell.swift */; };
		95FDDE2722B9248C00F7F1C0 /* SideMenuViewController.swift in Sources */ = {isa = PBXBuildFile; fileRef = 95FDDE2622B9248C00F7F1C0 /* SideMenuViewController.swift */; };
		95FDDE2F22B9311C00F7F1C0 /* SideMenuTableViewCell.swift in Sources */ = {isa = PBXBuildFile; fileRef = 95FDDE2E22B9311C00F7F1C0 /* SideMenuTableViewCell.swift */; };
		95FDE07222A7EFF500849A91 /* AppDelegate.swift in Sources */ = {isa = PBXBuildFile; fileRef = 95FDE07122A7EFF500849A91 /* AppDelegate.swift */; };
		95FDE07722A7EFF500849A91 /* Main.storyboard in Resources */ = {isa = PBXBuildFile; fileRef = 95FDE07522A7EFF500849A91 /* Main.storyboard */; };
		95FDE07A22A7EFF500849A91 /* QuotesProject.xcdatamodeld in Sources */ = {isa = PBXBuildFile; fileRef = 95FDE07822A7EFF500849A91 /* QuotesProject.xcdatamodeld */; };
		95FDE07C22A7EFF600849A91 /* Assets.xcassets in Resources */ = {isa = PBXBuildFile; fileRef = 95FDE07B22A7EFF600849A91 /* Assets.xcassets */; };
		95FDE07F22A7EFF600849A91 /* LaunchScreen.storyboard in Resources */ = {isa = PBXBuildFile; fileRef = 95FDE07D22A7EFF600849A91 /* LaunchScreen.storyboard */; };
		A19CDB31FDF1E54EA3401FDC /* Pods_QuotesProject.framework in Frameworks */ = {isa = PBXBuildFile; fileRef = AF03AC7EE74A794F0782D1B2 /* Pods_QuotesProject.framework */; };
/* End PBXBuildFile section */

/* Begin PBXContainerItemProxy section */
		95FDE08622A7EFF600849A91 /* PBXContainerItemProxy */ = {
			isa = PBXContainerItemProxy;
			containerPortal = 95FDE06622A7EFF500849A91 /* Project object */;
			proxyType = 1;
			remoteGlobalIDString = 95FDE06D22A7EFF500849A91;
			remoteInfo = QuotesProject;
		};
/* End PBXContainerItemProxy section */

/* Begin PBXFileReference section */
		8B0334FEC0D95E99981E7D1A /* Pods-QuotesProject.release.xcconfig */ = {isa = PBXFileReference; includeInIndex = 1; lastKnownFileType = text.xcconfig; name = "Pods-QuotesProject.release.xcconfig"; path = "Pods/Target Support Files/Pods-QuotesProject/Pods-QuotesProject.release.xcconfig"; sourceTree = "<group>"; };
		9502D2BB22CCCE1D0014EDFB /* MyOwnQuotesViewController.swift */ = {isa = PBXFileReference; lastKnownFileType = sourcecode.swift; path = MyOwnQuotesViewController.swift; sourceTree = "<group>"; };
		950389E822F85B5F001FF74F /* RandomQuotesService.swift */ = {isa = PBXFileReference; lastKnownFileType = sourcecode.swift; path = RandomQuotesService.swift; sourceTree = "<group>"; };
		950389EA22F85D78001FF74F /* RandomQuote.swift */ = {isa = PBXFileReference; lastKnownFileType = sourcecode.swift; path = RandomQuote.swift; sourceTree = "<group>"; };
		950389EE22F86059001FF74F /* RandomQuotesView.swift */ = {isa = PBXFileReference; lastKnownFileType = sourcecode.swift; path = RandomQuotesView.swift; sourceTree = "<group>"; };
		950CE8A522AEE25A00F67C4A /* RandomQuotesViewController.swift */ = {isa = PBXFileReference; lastKnownFileType = sourcecode.swift; path = RandomQuotesViewController.swift; sourceTree = "<group>"; };
		9511BD9822D4E0F100ACBD31 /* DisplayMyOwnQuoteViewController.swift */ = {isa = PBXFileReference; lastKnownFileType = sourcecode.swift; path = DisplayMyOwnQuoteViewController.swift; sourceTree = "<group>"; };
		9511BD9A22D4E11E00ACBD31 /* MyOwnQuoteView.swift */ = {isa = PBXFileReference; lastKnownFileType = sourcecode.swift; path = MyOwnQuoteView.swift; sourceTree = "<group>"; };
		95142F1422E7432700224CA3 /* DisplayFavoriteQuoteViewController.swift */ = {isa = PBXFileReference; lastKnownFileType = sourcecode.swift; path = DisplayFavoriteQuoteViewController.swift; sourceTree = "<group>"; };
		95142F1822E7452700224CA3 /* FavoriteQuoteView.swift */ = {isa = PBXFileReference; lastKnownFileType = sourcecode.swift; path = FavoriteQuoteView.swift; sourceTree = "<group>"; };
		951A3BA822B13A30009634EF /* QuoteOfTheDayService.swift */ = {isa = PBXFileReference; lastKnownFileType = sourcecode.swift; path = QuoteOfTheDayService.swift; sourceTree = "<group>"; };
		951A3BAA22B140EF009634EF /* QuoteOfTheDay.swift */ = {isa = PBXFileReference; lastKnownFileType = sourcecode.swift; path = QuoteOfTheDay.swift; sourceTree = "<group>"; };
		951A3BAC22B2914F009634EF /* Constants.swift */ = {isa = PBXFileReference; lastKnownFileType = sourcecode.swift; path = Constants.swift; sourceTree = "<group>"; };
		951A3BB122B2992B009634EF /* UIViewController.swift */ = {isa = PBXFileReference; lastKnownFileType = sourcecode.swift; path = UIViewController.swift; sourceTree = "<group>"; };
		953FE45E22D5F5AF009FDE7E /* FavoriteQuote.swift */ = {isa = PBXFileReference; lastKnownFileType = sourcecode.swift; path = FavoriteQuote.swift; sourceTree = "<group>"; };
		953FE46022D5F751009FDE7E /* FavoritesQuotesTableViewCell.swift */ = {isa = PBXFileReference; lastKnownFileType = sourcecode.swift; path = FavoritesQuotesTableViewCell.swift; sourceTree = "<group>"; };
		953FE46222D601F3009FDE7E /* FavoritesQuotesViewController.swift */ = {isa = PBXFileReference; lastKnownFileType = sourcecode.swift; path = FavoritesQuotesViewController.swift; sourceTree = "<group>"; };
		9547A8B722BBB2760064FAA2 /* QuotesProject.entitlements */ = {isa = PBXFileReference; lastKnownFileType = text.plist.entitlements; path = QuotesProject.entitlements; sourceTree = "<group>"; };
		95482B8222CF708D00A8B013 /* MyOwnQuote.swift */ = {isa = PBXFileReference; lastKnownFileType = sourcecode.swift; path = MyOwnQuote.swift; sourceTree = "<group>"; };
		95482B8422CF75DB00A8B013 /* CoreDataManager.swift */ = {isa = PBXFileReference; lastKnownFileType = sourcecode.swift; path = CoreDataManager.swift; sourceTree = "<group>"; };
		95482B8622CF7BD000A8B013 /* MyOwnQuotesTableViewCell.swift */ = {isa = PBXFileReference; lastKnownFileType = sourcecode.swift; path = MyOwnQuotesTableViewCell.swift; sourceTree = "<group>"; };
		9548B8CD22E617A500D120F0 /* RenderImageService.swift */ = {isa = PBXFileReference; lastKnownFileType = sourcecode.swift; path = RenderImageService.swift; sourceTree = "<group>"; };
		956FC2EE22E89CFC00009FAA /* CategoriesQuotesViewController.swift */ = {isa = PBXFileReference; lastKnownFileType = sourcecode.swift; path = CategoriesQuotesViewController.swift; sourceTree = "<group>"; };
		956FC2F022E8A0ED00009FAA /* CategoriesQuotesCollectionViewCell.swift */ = {isa = PBXFileReference; lastKnownFileType = sourcecode.swift; path = CategoriesQuotesCollectionViewCell.swift; sourceTree = "<group>"; };
		956FC2F222E8A8EC00009FAA /* CategoryQuote.swift */ = {isa = PBXFileReference; lastKnownFileType = sourcecode.swift; path = CategoryQuote.swift; sourceTree = "<group>"; };
		956FC2F422E8AA5E00009FAA /* CategoryQuoteService.swift */ = {isa = PBXFileReference; lastKnownFileType = sourcecode.swift; path = CategoryQuoteService.swift; sourceTree = "<group>"; };
		956FC2F622E8B3F100009FAA /* DisplayCategoryQuoteViewController.swift */ = {isa = PBXFileReference; lastKnownFileType = sourcecode.swift; path = DisplayCategoryQuoteViewController.swift; sourceTree = "<group>"; };
		956FC2F822E8B53100009FAA /* CategoryQuoteView.swift */ = {isa = PBXFileReference; lastKnownFileType = sourcecode.swift; path = CategoryQuoteView.swift; sourceTree = "<group>"; };
		956FC2FA22E8E42600009FAA /* CategoryImage.swift */ = {isa = PBXFileReference; lastKnownFileType = sourcecode.swift; path = CategoryImage.swift; sourceTree = "<group>"; };
		956FC2FC22E8E69200009FAA /* RandomImageService.swift */ = {isa = PBXFileReference; lastKnownFileType = sourcecode.swift; path = RandomImageService.swift; sourceTree = "<group>"; };
		956FC2FF22E8EC7200009FAA /* RandomImagesViewController.swift */ = {isa = PBXFileReference; lastKnownFileType = sourcecode.swift; path = RandomImagesViewController.swift; sourceTree = "<group>"; };
		956FC30122E8ECAC00009FAA /* ImageQuoteView.swift */ = {isa = PBXFileReference; lastKnownFileType = sourcecode.swift; path = ImageQuoteView.swift; sourceTree = "<group>"; };
		95731C6122EF62A800116876 /* FavoritesImagesViewController.swift */ = {isa = PBXFileReference; lastKnownFileType = sourcecode.swift; path = FavoritesImagesViewController.swift; sourceTree = "<group>"; };
		95731C6322EF638B00116876 /* FavoriteImage.swift */ = {isa = PBXFileReference; lastKnownFileType = sourcecode.swift; path = FavoriteImage.swift; sourceTree = "<group>"; };
		95731C6522EF654800116876 /* FavoritesImagesCollectionViewCell.swift */ = {isa = PBXFileReference; lastKnownFileType = sourcecode.swift; path = FavoritesImagesCollectionViewCell.swift; sourceTree = "<group>"; };
		95731C6722EF6ADF00116876 /* FooterCollectionReusableView.swift */ = {isa = PBXFileReference; lastKnownFileType = sourcecode.swift; path = FooterCollectionReusableView.swift; sourceTree = "<group>"; };
		95731C6922EF6C1900116876 /* UIView.swift */ = {isa = PBXFileReference; lastKnownFileType = sourcecode.swift; path = UIView.swift; sourceTree = "<group>"; };
		95731C6C22EF6E6600116876 /* DisplayFavoriteImageViewController.swift */ = {isa = PBXFileReference; lastKnownFileType = sourcecode.swift; path = DisplayFavoriteImageViewController.swift; sourceTree = "<group>"; };
		95731C6E22EF73AC00116876 /* FavoriteImageView.swift */ = {isa = PBXFileReference; lastKnownFileType = sourcecode.swift; path = FavoriteImageView.swift; sourceTree = "<group>"; };
		957F874B22FEEEB300F2342F /* NotificationsManager.swift */ = {isa = PBXFileReference; lastKnownFileType = sourcecode.swift; path = NotificationsManager.swift; sourceTree = "<group>"; };
		9594DB3422C11ACD00189E7D /* RemindersViewController.swift */ = {isa = PBXFileReference; lastKnownFileType = sourcecode.swift; path = RemindersViewController.swift; sourceTree = "<group>"; };
		95A5DA3C230AF6EB00712C63 /* QuotesProjectTests-Bridging-Header.h */ = {isa = PBXFileReference; fileEncoding = 4; lastKnownFileType = sourcecode.c.h; path = "QuotesProjectTests-Bridging-Header.h"; sourceTree = "<group>"; };
		95A5DA3F230AF83100712C63 /* QuoteOfTheDayServiceTests.swift */ = {isa = PBXFileReference; lastKnownFileType = sourcecode.swift; path = QuoteOfTheDayServiceTests.swift; sourceTree = "<group>"; };
		95A5DA42230AFF4100712C63 /* RandomQuotesService.json */ = {isa = PBXFileReference; lastKnownFileType = text.json; path = RandomQuotesService.json; sourceTree = "<group>"; };
		95A5DA44230AFFA100712C63 /* RandomQuoteService.json */ = {isa = PBXFileReference; lastKnownFileType = text.json; path = RandomQuoteService.json; sourceTree = "<group>"; };
		95A5DA46230B000A00712C63 /* RandomQuotesServiceTests.swift */ = {isa = PBXFileReference; lastKnownFileType = sourcecode.swift; path = RandomQuotesServiceTests.swift; sourceTree = "<group>"; };
		95A5DA48230B009D00712C63 /* RandomQuoteService.swift */ = {isa = PBXFileReference; lastKnownFileType = sourcecode.swift; path = RandomQuoteService.swift; sourceTree = "<group>"; };
		95A5DA4B230B033B00712C63 /* RandomQuoteServiceTests.swift */ = {isa = PBXFileReference; lastKnownFileType = sourcecode.swift; path = RandomQuoteServiceTests.swift; sourceTree = "<group>"; };
		95A5DA4E230B04AA00712C63 /* CategoryQuoteService.json */ = {isa = PBXFileReference; lastKnownFileType = text.json; path = CategoryQuoteService.json; sourceTree = "<group>"; };
		95A5DA50230B054A00712C63 /* CategoryQuoteServiceTests.swift */ = {isa = PBXFileReference; lastKnownFileType = sourcecode.swift; path = CategoryQuoteServiceTests.swift; sourceTree = "<group>"; };
		95A5DA55230B090F00712C63 /* CategoryImageService.swift */ = {isa = PBXFileReference; lastKnownFileType = sourcecode.swift; path = CategoryImageService.swift; sourceTree = "<group>"; };
		95A5DA57230B0B1700712C63 /* RandomImageService.json */ = {isa = PBXFileReference; lastKnownFileType = text.json; path = RandomImageService.json; sourceTree = "<group>"; };
		95A5DA59230B0BB200712C63 /* RandomImageServiceTests.swift */ = {isa = PBXFileReference; lastKnownFileType = sourcecode.swift; path = RandomImageServiceTests.swift; sourceTree = "<group>"; };
		95A5DA5F230B118900712C63 /* CategoryImageService.json */ = {isa = PBXFileReference; lastKnownFileType = text.json; path = CategoryImageService.json; sourceTree = "<group>"; };
		95A5DA61230B126D00712C63 /* CategoryImageServiceTests.swift */ = {isa = PBXFileReference; lastKnownFileType = sourcecode.swift; path = CategoryImageServiceTests.swift; sourceTree = "<group>"; };
		95A5DA64230B152500712C63 /* CoreDataTests.swift */ = {isa = PBXFileReference; lastKnownFileType = sourcecode.swift; path = CoreDataTests.swift; sourceTree = "<group>"; };
		95A5DA67230B226A00712C63 /* NotificationsManagerTests.swift */ = {isa = PBXFileReference; lastKnownFileType = sourcecode.swift; path = NotificationsManagerTests.swift; sourceTree = "<group>"; };
		95A6551C22E1F87300A46A25 /* QuoteOfTheDayViewController.swift */ = {isa = PBXFileReference; lastKnownFileType = sourcecode.swift; path = QuoteOfTheDayViewController.swift; sourceTree = "<group>"; };
		95A6551E22E1F8A900A46A25 /* QuoteOfTheDayView.swift */ = {isa = PBXFileReference; lastKnownFileType = sourcecode.swift; path = QuoteOfTheDayView.swift; sourceTree = "<group>"; };
		95A6552322E2314E00A46A25 /* ImagePicker.swift */ = {isa = PBXFileReference; lastKnownFileType = sourcecode.swift; path = ImagePicker.swift; sourceTree = "<group>"; };
		95B4ABCE22FDB4C4007E49E0 /* CategoriesImagesCollectionViewCell.swift */ = {isa = PBXFileReference; lastKnownFileType = sourcecode.swift; path = CategoriesImagesCollectionViewCell.swift; sourceTree = "<group>"; };
		95B4ABD222FDB601007E49E0 /* CategoriesImagesViewController.swift */ = {isa = PBXFileReference; lastKnownFileType = sourcecode.swift; path = CategoriesImagesViewController.swift; sourceTree = "<group>"; };
		95B4ABD422FDD437007E49E0 /* DisplayCategoryImageView.swift */ = {isa = PBXFileReference; lastKnownFileType = sourcecode.swift; path = DisplayCategoryImageView.swift; sourceTree = "<group>"; };
		95B4ABD722FDD580007E49E0 /* DisplayCategoryImageViewController.swift */ = {isa = PBXFileReference; lastKnownFileType = sourcecode.swift; path = DisplayCategoryImageViewController.swift; sourceTree = "<group>"; };
		95B4C32F22F9C06300897505 /* Slide.xib */ = {isa = PBXFileReference; lastKnownFileType = file.xib; path = Slide.xib; sourceTree = "<group>"; };
		95B4C33122F9C08900897505 /* SlideView.swift */ = {isa = PBXFileReference; lastKnownFileType = sourcecode.swift; path = SlideView.swift; sourceTree = "<group>"; };
		95C4FE0022E0C50E0035AF56 /* UICollectionViewCell.swift */ = {isa = PBXFileReference; lastKnownFileType = sourcecode.swift; path = UICollectionViewCell.swift; sourceTree = "<group>"; };
		95CE217C230AF13500213811 /* URLSessionFake.swift */ = {isa = PBXFileReference; lastKnownFileType = sourcecode.swift; path = URLSessionFake.swift; sourceTree = "<group>"; };
		95CE217E230AF16600213811 /* FakeResponseData.swift */ = {isa = PBXFileReference; lastKnownFileType = sourcecode.swift; path = FakeResponseData.swift; sourceTree = "<group>"; };
		95CE2181230AF33800213811 /* QuoteOfTheDayService.json */ = {isa = PBXFileReference; lastKnownFileType = text.json; path = QuoteOfTheDayService.json; sourceTree = "<group>"; };
		95D0B96E22EB2C8000CC0530 /* UILabel.swift */ = {isa = PBXFileReference; lastKnownFileType = sourcecode.swift; path = UILabel.swift; sourceTree = "<group>"; };
		95FDDE2122B91EED00F7F1C0 /* UITableViewCell.swift */ = {isa = PBXFileReference; lastKnownFileType = sourcecode.swift; path = UITableViewCell.swift; sourceTree = "<group>"; };
		95FDDE2622B9248C00F7F1C0 /* SideMenuViewController.swift */ = {isa = PBXFileReference; lastKnownFileType = sourcecode.swift; path = SideMenuViewController.swift; sourceTree = "<group>"; };
		95FDDE2E22B9311C00F7F1C0 /* SideMenuTableViewCell.swift */ = {isa = PBXFileReference; lastKnownFileType = sourcecode.swift; path = SideMenuTableViewCell.swift; sourceTree = "<group>"; };
		95FDE06E22A7EFF500849A91 /* QuotesProject.app */ = {isa = PBXFileReference; explicitFileType = wrapper.application; includeInIndex = 0; path = QuotesProject.app; sourceTree = BUILT_PRODUCTS_DIR; };
		95FDE07122A7EFF500849A91 /* AppDelegate.swift */ = {isa = PBXFileReference; lastKnownFileType = sourcecode.swift; path = AppDelegate.swift; sourceTree = "<group>"; };
		95FDE07622A7EFF500849A91 /* Base */ = {isa = PBXFileReference; lastKnownFileType = file.storyboard; name = Base; path = Base.lproj/Main.storyboard; sourceTree = "<group>"; };
		95FDE07922A7EFF500849A91 /* QuotesProject.xcdatamodel */ = {isa = PBXFileReference; lastKnownFileType = wrapper.xcdatamodel; path = QuotesProject.xcdatamodel; sourceTree = "<group>"; };
		95FDE07B22A7EFF600849A91 /* Assets.xcassets */ = {isa = PBXFileReference; lastKnownFileType = folder.assetcatalog; path = Assets.xcassets; sourceTree = "<group>"; };
		95FDE07E22A7EFF600849A91 /* Base */ = {isa = PBXFileReference; lastKnownFileType = file.storyboard; name = Base; path = Base.lproj/LaunchScreen.storyboard; sourceTree = "<group>"; };
		95FDE08022A7EFF600849A91 /* Info.plist */ = {isa = PBXFileReference; lastKnownFileType = text.plist.xml; path = Info.plist; sourceTree = "<group>"; };
		95FDE08522A7EFF600849A91 /* QuotesProjectTests.xctest */ = {isa = PBXFileReference; explicitFileType = wrapper.cfbundle; includeInIndex = 0; path = QuotesProjectTests.xctest; sourceTree = BUILT_PRODUCTS_DIR; };
		95FDE08B22A7EFF600849A91 /* Info.plist */ = {isa = PBXFileReference; lastKnownFileType = text.plist.xml; path = Info.plist; sourceTree = "<group>"; };
		AF03AC7EE74A794F0782D1B2 /* Pods_QuotesProject.framework */ = {isa = PBXFileReference; explicitFileType = wrapper.framework; includeInIndex = 0; path = Pods_QuotesProject.framework; sourceTree = BUILT_PRODUCTS_DIR; };
		C8D658EAA674A1714CD42928 /* Pods-QuotesProject.debug.xcconfig */ = {isa = PBXFileReference; includeInIndex = 1; lastKnownFileType = text.xcconfig; name = "Pods-QuotesProject.debug.xcconfig"; path = "Pods/Target Support Files/Pods-QuotesProject/Pods-QuotesProject.debug.xcconfig"; sourceTree = "<group>"; };
/* End PBXFileReference section */

/* Begin PBXFrameworksBuildPhase section */
		95FDE06B22A7EFF500849A91 /* Frameworks */ = {
			isa = PBXFrameworksBuildPhase;
			buildActionMask = 2147483647;
			files = (
				A19CDB31FDF1E54EA3401FDC /* Pods_QuotesProject.framework in Frameworks */,
			);
			runOnlyForDeploymentPostprocessing = 0;
		};
		95FDE08222A7EFF600849A91 /* Frameworks */ = {
			isa = PBXFrameworksBuildPhase;
			buildActionMask = 2147483647;
			files = (
			);
			runOnlyForDeploymentPostprocessing = 0;
		};
/* End PBXFrameworksBuildPhase section */

/* Begin PBXGroup section */
		299A32BCF32AF416DE61536D /* Frameworks */ = {
			isa = PBXGroup;
			children = (
				AF03AC7EE74A794F0782D1B2 /* Pods_QuotesProject.framework */,
			);
			name = Frameworks;
			sourceTree = "<group>";
		};
		87205CA76EF3E587A6E3AC3B /* Pods */ = {
			isa = PBXGroup;
			children = (
				C8D658EAA674A1714CD42928 /* Pods-QuotesProject.debug.xcconfig */,
				8B0334FEC0D95E99981E7D1A /* Pods-QuotesProject.release.xcconfig */,
			);
			name = Pods;
			sourceTree = "<group>";
		};
		950389E722F85A5F001FF74F /* RandomQuotes */ = {
			isa = PBXGroup;
			children = (
				950CE8A522AEE25A00F67C4A /* RandomQuotesViewController.swift */,
			);
			path = RandomQuotes;
			sourceTree = "<group>";
		};
		951A3BB022B29912009634EF /* Extensions */ = {
			isa = PBXGroup;
			children = (
				95C4FE0022E0C50E0035AF56 /* UICollectionViewCell.swift */,
				95FDDE2122B91EED00F7F1C0 /* UITableViewCell.swift */,
				95D0B96E22EB2C8000CC0530 /* UILabel.swift */,
				95731C6922EF6C1900116876 /* UIView.swift */,
				951A3BB122B2992B009634EF /* UIViewController.swift */,
			);
			path = Extensions;
			sourceTree = "<group>";
		};
		95482B8122CF707500A8B013 /* NSManagedObject */ = {
			isa = PBXGroup;
			children = (
				953FE45E22D5F5AF009FDE7E /* FavoriteQuote.swift */,
				95482B8222CF708D00A8B013 /* MyOwnQuote.swift */,
				95731C6322EF638B00116876 /* FavoriteImage.swift */,
			);
			path = NSManagedObject;
			sourceTree = "<group>";
		};
		955A12942308554500FF0427 /* NotificationsManager */ = {
			isa = PBXGroup;
			children = (
				957F874B22FEEEB300F2342F /* NotificationsManager.swift */,
			);
			path = NotificationsManager;
			sourceTree = "<group>";
		};
		956FC2E722E89C5900009FAA /* FavoritesQuotes */ = {
			isa = PBXGroup;
			children = (
				953FE46222D601F3009FDE7E /* FavoritesQuotesViewController.swift */,
				95142F1422E7432700224CA3 /* DisplayFavoriteQuoteViewController.swift */,
			);
			path = FavoritesQuotes;
			sourceTree = "<group>";
		};
		956FC2E822E89C7400009FAA /* MyOwnQuotes */ = {
			isa = PBXGroup;
			children = (
				9502D2BB22CCCE1D0014EDFB /* MyOwnQuotesViewController.swift */,
				9511BD9822D4E0F100ACBD31 /* DisplayMyOwnQuoteViewController.swift */,
			);
			path = MyOwnQuotes;
			sourceTree = "<group>";
		};
		956FC2E922E89C9100009FAA /* Reminders */ = {
			isa = PBXGroup;
			children = (
				9594DB3422C11ACD00189E7D /* RemindersViewController.swift */,
			);
			path = Reminders;
			sourceTree = "<group>";
		};
		956FC2EA22E89CA200009FAA /* CategoriesQuotes */ = {
			isa = PBXGroup;
			children = (
				956FC2EE22E89CFC00009FAA /* CategoriesQuotesViewController.swift */,
				956FC2F622E8B3F100009FAA /* DisplayCategoryQuoteViewController.swift */,
			);
			path = CategoriesQuotes;
			sourceTree = "<group>";
		};
		956FC2EB22E89CB000009FAA /* QuoteOfTheDay */ = {
			isa = PBXGroup;
			children = (
				95A6551C22E1F87300A46A25 /* QuoteOfTheDayViewController.swift */,
			);
			path = QuoteOfTheDay;
			sourceTree = "<group>";
		};
		956FC2EC22E89CC200009FAA /* SideMenu */ = {
			isa = PBXGroup;
			children = (
				95FDDE2622B9248C00F7F1C0 /* SideMenuViewController.swift */,
			);
			path = SideMenu;
			sourceTree = "<group>";
		};
		956FC2FE22E8EC4300009FAA /* RandomImages */ = {
			isa = PBXGroup;
			children = (
				956FC2FF22E8EC7200009FAA /* RandomImagesViewController.swift */,
			);
			path = RandomImages;
			sourceTree = "<group>";
		};
		95731C6022EF628D00116876 /* FavoritesImages */ = {
			isa = PBXGroup;
			children = (
				95731C6122EF62A800116876 /* FavoritesImagesViewController.swift */,
				95731C6C22EF6E6600116876 /* DisplayFavoriteImageViewController.swift */,
			);
			path = FavoritesImages;
			sourceTree = "<group>";
		};
		95A5DA41230AFEE400712C63 /* RandomQuotesService */ = {
			isa = PBXGroup;
			children = (
				95A5DA46230B000A00712C63 /* RandomQuotesServiceTests.swift */,
				95A5DA42230AFF4100712C63 /* RandomQuotesService.json */,
			);
			path = RandomQuotesService;
			sourceTree = "<group>";
		};
		95A5DA4A230B030000712C63 /* RandomQuoteService */ = {
			isa = PBXGroup;
			children = (
				95A5DA4B230B033B00712C63 /* RandomQuoteServiceTests.swift */,
				95A5DA44230AFFA100712C63 /* RandomQuoteService.json */,
			);
			path = RandomQuoteService;
			sourceTree = "<group>";
		};
		95A5DA4D230B046800712C63 /* CategoryQuoteService */ = {
			isa = PBXGroup;
			children = (
				95A5DA50230B054A00712C63 /* CategoryQuoteServiceTests.swift */,
				95A5DA4E230B04AA00712C63 /* CategoryQuoteService.json */,
			);
			path = CategoryQuoteService;
			sourceTree = "<group>";
		};
		95A5DA52230B074800712C63 /* RandomImageService */ = {
			isa = PBXGroup;
			children = (
				95A5DA59230B0BB200712C63 /* RandomImageServiceTests.swift */,
				95A5DA57230B0B1700712C63 /* RandomImageService.json */,
			);
			path = RandomImageService;
			sourceTree = "<group>";
		};
		95A5DA5B230B108C00712C63 /* CategoryImageService */ = {
			isa = PBXGroup;
			children = (
				95A5DA61230B126D00712C63 /* CategoryImageServiceTests.swift */,
				95A5DA5F230B118900712C63 /* CategoryImageService.json */,
			);
			path = CategoryImageService;
			sourceTree = "<group>";
		};
		95A5DA5C230B110E00712C63 /* ImagePicker */ = {
			isa = PBXGroup;
			children = (
				95A6552322E2314E00A46A25 /* ImagePicker.swift */,
			);
			path = ImagePicker;
			sourceTree = "<group>";
		};
		95A5DA5D230B112300712C63 /* FooterCollectionReusableView */ = {
			isa = PBXGroup;
			children = (
				95731C6722EF6ADF00116876 /* FooterCollectionReusableView.swift */,
			);
			path = FooterCollectionReusableView;
			sourceTree = "<group>";
		};
		95A5DA5E230B113D00712C63 /* Constants */ = {
			isa = PBXGroup;
			children = (
				951A3BAC22B2914F009634EF /* Constants.swift */,
			);
			path = Constants;
			sourceTree = "<group>";
		};
		95A5DA63230B14FF00712C63 /* CoreDataTests */ = {
			isa = PBXGroup;
			children = (
				95A5DA64230B152500712C63 /* CoreDataTests.swift */,
			);
			path = CoreDataTests;
			sourceTree = "<group>";
		};
		95A5DA66230B224D00712C63 /* NotificationsManager */ = {
			isa = PBXGroup;
			children = (
				95A5DA67230B226A00712C63 /* NotificationsManagerTests.swift */,
			);
			path = NotificationsManager;
			sourceTree = "<group>";
		};
		95B1CE6722E74B150071ABD7 /* UIImage */ = {
			isa = PBXGroup;
			children = (
				9548B8CD22E617A500D120F0 /* RenderImageService.swift */,
			);
			path = UIImage;
			sourceTree = "<group>";
		};
		95B4ABD122FDB5D5007E49E0 /* CategoriesImages */ = {
			isa = PBXGroup;
			children = (
				95B4ABD222FDB601007E49E0 /* CategoriesImagesViewController.swift */,
				95B4ABD722FDD580007E49E0 /* DisplayCategoryImageViewController.swift */,
			);
			path = CategoriesImages;
			sourceTree = "<group>";
		};
		95B4C33322F9C08E00897505 /* Slide */ = {
			isa = PBXGroup;
			children = (
				950389EE22F86059001FF74F /* RandomQuotesView.swift */,
				95B4C33122F9C08900897505 /* SlideView.swift */,
				95B4C32F22F9C06300897505 /* Slide.xib */,
			);
			path = Slide;
			sourceTree = "<group>";
		};
		95B6F5BD22B3EED40095C342 /* Services */ = {
			isa = PBXGroup;
			children = (
				951A3BA822B13A30009634EF /* QuoteOfTheDayService.swift */,
				950389E822F85B5F001FF74F /* RandomQuotesService.swift */,
				95A5DA48230B009D00712C63 /* RandomQuoteService.swift */,
				956FC2F422E8AA5E00009FAA /* CategoryQuoteService.swift */,
				956FC2FC22E8E69200009FAA /* RandomImageService.swift */,
				95A5DA55230B090F00712C63 /* CategoryImageService.swift */,
			);
			path = Services;
			sourceTree = "<group>";
		};
		95B6F5BE22B3EEE70095C342 /* Structures */ = {
			isa = PBXGroup;
			children = (
				951A3BAA22B140EF009634EF /* QuoteOfTheDay.swift */,
				950389EA22F85D78001FF74F /* RandomQuote.swift */,
				956FC2F222E8A8EC00009FAA /* CategoryQuote.swift */,
				956FC2FA22E8E42600009FAA /* CategoryImage.swift */,
			);
			path = Structures;
			sourceTree = "<group>";
		};
		95B6F5BF22B3EEFA0095C342 /* CoreData */ = {
			isa = PBXGroup;
			children = (
				95FDE07822A7EFF500849A91 /* QuotesProject.xcdatamodeld */,
				95482B8422CF75DB00A8B013 /* CoreDataManager.swift */,
				95482B8122CF707500A8B013 /* NSManagedObject */,
			);
			path = CoreData;
			sourceTree = "<group>";
		};
		95B6F5C022B3F8C60095C342 /* UIView */ = {
			isa = PBXGroup;
			children = (
				95A6551E22E1F8A900A46A25 /* QuoteOfTheDayView.swift */,
				956FC2F822E8B53100009FAA /* CategoryQuoteView.swift */,
				95142F1822E7452700224CA3 /* FavoriteQuoteView.swift */,
				9511BD9A22D4E11E00ACBD31 /* MyOwnQuoteView.swift */,
				956FC30122E8ECAC00009FAA /* ImageQuoteView.swift */,
				95B4ABD422FDD437007E49E0 /* DisplayCategoryImageView.swift */,
				95731C6E22EF73AC00116876 /* FavoriteImageView.swift */,
				95B4C33322F9C08E00897505 /* Slide */,
			);
			path = UIView;
			sourceTree = "<group>";
		};
		95C4FDFD22E0C4A60035AF56 /* UICollectionViewCell */ = {
			isa = PBXGroup;
			children = (
				956FC2F022E8A0ED00009FAA /* CategoriesQuotesCollectionViewCell.swift */,
				95B4ABCE22FDB4C4007E49E0 /* CategoriesImagesCollectionViewCell.swift */,
				95731C6522EF654800116876 /* FavoritesImagesCollectionViewCell.swift */,
			);
			path = UICollectionViewCell;
			sourceTree = "<group>";
		};
		95CE2178230AEFAD00213811 /* Model */ = {
			isa = PBXGroup;
			children = (
				95A5DA3C230AF6EB00712C63 /* QuotesProjectTests-Bridging-Header.h */,
				95CE217C230AF13500213811 /* URLSessionFake.swift */,
				95CE217E230AF16600213811 /* FakeResponseData.swift */,
				95A5DA66230B224D00712C63 /* NotificationsManager */,
				95A5DA63230B14FF00712C63 /* CoreDataTests */,
				95CE2180230AF2C500213811 /* QuoteOfTheDayService */,
				95A5DA41230AFEE400712C63 /* RandomQuotesService */,
				95A5DA4A230B030000712C63 /* RandomQuoteService */,
				95A5DA4D230B046800712C63 /* CategoryQuoteService */,
				95A5DA52230B074800712C63 /* RandomImageService */,
				95A5DA5B230B108C00712C63 /* CategoryImageService */,
			);
			path = Model;
			sourceTree = "<group>";
		};
		95CE2180230AF2C500213811 /* QuoteOfTheDayService */ = {
			isa = PBXGroup;
			children = (
				95A5DA3F230AF83100712C63 /* QuoteOfTheDayServiceTests.swift */,
				95CE2181230AF33800213811 /* QuoteOfTheDayService.json */,
			);
			path = QuoteOfTheDayService;
			sourceTree = "<group>";
		};
		95FDDE2322B923E800F7F1C0 /* UITableViewCell */ = {
			isa = PBXGroup;
			children = (
				95FDDE2E22B9311C00F7F1C0 /* SideMenuTableViewCell.swift */,
				95482B8622CF7BD000A8B013 /* MyOwnQuotesTableViewCell.swift */,
				953FE46022D5F751009FDE7E /* FavoritesQuotesTableViewCell.swift */,
			);
			path = UITableViewCell;
			sourceTree = "<group>";
		};
		95FDE06522A7EFF500849A91 = {
			isa = PBXGroup;
			children = (
				95FDE07022A7EFF500849A91 /* QuotesProject */,
				951A3BB022B29912009634EF /* Extensions */,
				95FDE08822A7EFF600849A91 /* QuotesProjectTests */,
				95FDE06F22A7EFF500849A91 /* Products */,
				87205CA76EF3E587A6E3AC3B /* Pods */,
				299A32BCF32AF416DE61536D /* Frameworks */,
			);
			sourceTree = "<group>";
		};
		95FDE06F22A7EFF500849A91 /* Products */ = {
			isa = PBXGroup;
			children = (
				95FDE06E22A7EFF500849A91 /* QuotesProject.app */,
				95FDE08522A7EFF600849A91 /* QuotesProjectTests.xctest */,
			);
			name = Products;
			sourceTree = "<group>";
		};
		95FDE07022A7EFF500849A91 /* QuotesProject */ = {
			isa = PBXGroup;
			children = (
				9547A8B722BBB2760064FAA2 /* QuotesProject.entitlements */,
				95FDE09622A7F03100849A91 /* Model */,
				95FDE09722A7F04200849A91 /* Controller */,
				95FDE09522A7F02900849A91 /* View */,
				95FDE09422A7F01300849A91 /* Supporting Files */,
			);
			path = QuotesProject;
			sourceTree = "<group>";
		};
		95FDE08822A7EFF600849A91 /* QuotesProjectTests */ = {
			isa = PBXGroup;
			children = (
				95FDE08B22A7EFF600849A91 /* Info.plist */,
				95CE2178230AEFAD00213811 /* Model */,
			);
			path = QuotesProjectTests;
			sourceTree = "<group>";
		};
		95FDE09422A7F01300849A91 /* Supporting Files */ = {
			isa = PBXGroup;
			children = (
				95FDE07122A7EFF500849A91 /* AppDelegate.swift */,
				95FDE07B22A7EFF600849A91 /* Assets.xcassets */,
				95FDE08022A7EFF600849A91 /* Info.plist */,
				95A5DA5E230B113D00712C63 /* Constants */,
				95A5DA5D230B112300712C63 /* FooterCollectionReusableView */,
				95A5DA5C230B110E00712C63 /* ImagePicker */,
				95B1CE6722E74B150071ABD7 /* UIImage */,
			);
			path = "Supporting Files";
			sourceTree = "<group>";
		};
		95FDE09522A7F02900849A91 /* View */ = {
			isa = PBXGroup;
			children = (
				95FDE07522A7EFF500849A91 /* Main.storyboard */,
				95FDE07D22A7EFF600849A91 /* LaunchScreen.storyboard */,
				95C4FDFD22E0C4A60035AF56 /* UICollectionViewCell */,
				95FDDE2322B923E800F7F1C0 /* UITableViewCell */,
				95B6F5C022B3F8C60095C342 /* UIView */,
			);
			path = View;
			sourceTree = "<group>";
		};
		95FDE09622A7F03100849A91 /* Model */ = {
			isa = PBXGroup;
			children = (
				955A12942308554500FF0427 /* NotificationsManager */,
				95B6F5BF22B3EEFA0095C342 /* CoreData */,
				95B6F5BE22B3EEE70095C342 /* Structures */,
				95B6F5BD22B3EED40095C342 /* Services */,
			);
			path = Model;
			sourceTree = "<group>";
		};
		95FDE09722A7F04200849A91 /* Controller */ = {
			isa = PBXGroup;
			children = (
				956FC2EB22E89CB000009FAA /* QuoteOfTheDay */,
				956FC2EC22E89CC200009FAA /* SideMenu */,
				950389E722F85A5F001FF74F /* RandomQuotes */,
				956FC2EA22E89CA200009FAA /* CategoriesQuotes */,
				956FC2E722E89C5900009FAA /* FavoritesQuotes */,
				956FC2E822E89C7400009FAA /* MyOwnQuotes */,
				956FC2FE22E8EC4300009FAA /* RandomImages */,
				95B4ABD122FDB5D5007E49E0 /* CategoriesImages */,
				95731C6022EF628D00116876 /* FavoritesImages */,
				956FC2E922E89C9100009FAA /* Reminders */,
			);
			path = Controller;
			sourceTree = "<group>";
		};
/* End PBXGroup section */

/* Begin PBXNativeTarget section */
		95FDE06D22A7EFF500849A91 /* QuotesProject */ = {
			isa = PBXNativeTarget;
			buildConfigurationList = 95FDE08E22A7EFF600849A91 /* Build configuration list for PBXNativeTarget "QuotesProject" */;
			buildPhases = (
				4D9140E15A91E15ECF73A3BB /* [CP] Check Pods Manifest.lock */,
				95FDE06A22A7EFF500849A91 /* Sources */,
				95FDE06B22A7EFF500849A91 /* Frameworks */,
				95FDE06C22A7EFF500849A91 /* Resources */,
				4128526B06B4F01474E22E6E /* [CP] Embed Pods Frameworks */,
			);
			buildRules = (
			);
			dependencies = (
			);
			name = QuotesProject;
			productName = QuotesProject;
			productReference = 95FDE06E22A7EFF500849A91 /* QuotesProject.app */;
			productType = "com.apple.product-type.application";
		};
		95FDE08422A7EFF600849A91 /* QuotesProjectTests */ = {
			isa = PBXNativeTarget;
			buildConfigurationList = 95FDE09122A7EFF600849A91 /* Build configuration list for PBXNativeTarget "QuotesProjectTests" */;
			buildPhases = (
				95FDE08122A7EFF600849A91 /* Sources */,
				95FDE08222A7EFF600849A91 /* Frameworks */,
				95FDE08322A7EFF600849A91 /* Resources */,
			);
			buildRules = (
			);
			dependencies = (
				95FDE08722A7EFF600849A91 /* PBXTargetDependency */,
			);
			name = QuotesProjectTests;
			productName = QuotesProjectTests;
			productReference = 95FDE08522A7EFF600849A91 /* QuotesProjectTests.xctest */;
			productType = "com.apple.product-type.bundle.unit-test";
		};
/* End PBXNativeTarget section */

/* Begin PBXProject section */
		95FDE06622A7EFF500849A91 /* Project object */ = {
			isa = PBXProject;
			attributes = {
				LastSwiftUpdateCheck = 1010;
				LastUpgradeCheck = 1010;
				ORGANIZATIONNAME = "Christophe DURAND";
				TargetAttributes = {
					95FDE06D22A7EFF500849A91 = {
						CreatedOnToolsVersion = 10.1;
						LastSwiftMigration = 1020;
						SystemCapabilities = {
							com.apple.BackgroundModes = {
								enabled = 1;
							};
							com.apple.Push = {
								enabled = 1;
							};
						};
					};
					95FDE08422A7EFF600849A91 = {
						CreatedOnToolsVersion = 10.1;
						LastSwiftMigration = 1020;
						TestTargetID = 95FDE06D22A7EFF500849A91;
					};
				};
			};
			buildConfigurationList = 95FDE06922A7EFF500849A91 /* Build configuration list for PBXProject "QuotesProject" */;
			compatibilityVersion = "Xcode 9.3";
			developmentRegion = en;
			hasScannedForEncodings = 0;
			knownRegions = (
				en,
				Base,
			);
			mainGroup = 95FDE06522A7EFF500849A91;
			productRefGroup = 95FDE06F22A7EFF500849A91 /* Products */;
			projectDirPath = "";
			projectRoot = "";
			targets = (
				95FDE06D22A7EFF500849A91 /* QuotesProject */,
				95FDE08422A7EFF600849A91 /* QuotesProjectTests */,
			);
		};
/* End PBXProject section */

/* Begin PBXResourcesBuildPhase section */
		95FDE06C22A7EFF500849A91 /* Resources */ = {
			isa = PBXResourcesBuildPhase;
			buildActionMask = 2147483647;
			files = (
				95FDE07F22A7EFF600849A91 /* LaunchScreen.storyboard in Resources */,
				95FDE07C22A7EFF600849A91 /* Assets.xcassets in Resources */,
				95FDE07722A7EFF500849A91 /* Main.storyboard in Resources */,
				95B4C33022F9C06300897505 /* Slide.xib in Resources */,
			);
			runOnlyForDeploymentPostprocessing = 0;
		};
		95FDE08322A7EFF600849A91 /* Resources */ = {
			isa = PBXResourcesBuildPhase;
			buildActionMask = 2147483647;
			files = (
				95A5DA58230B0B1800712C63 /* RandomImageService.json in Resources */,
				95A5DA60230B118900712C63 /* CategoryImageService.json in Resources */,
				95CE2182230AF33800213811 /* QuoteOfTheDayService.json in Resources */,
				95A5DA45230AFFA100712C63 /* RandomQuoteService.json in Resources */,
				95A5DA4F230B04AA00712C63 /* CategoryQuoteService.json in Resources */,
				95A5DA43230AFF4100712C63 /* RandomQuotesService.json in Resources */,
			);
			runOnlyForDeploymentPostprocessing = 0;
		};
/* End PBXResourcesBuildPhase section */

/* Begin PBXShellScriptBuildPhase section */
		4128526B06B4F01474E22E6E /* [CP] Embed Pods Frameworks */ = {
			isa = PBXShellScriptBuildPhase;
			buildActionMask = 2147483647;
			files = (
			);
			inputFileListPaths = (
				"${PODS_ROOT}/Target Support Files/Pods-QuotesProject/Pods-QuotesProject-frameworks-${CONFIGURATION}-input-files.xcfilelist",
			);
			name = "[CP] Embed Pods Frameworks";
			outputFileListPaths = (
				"${PODS_ROOT}/Target Support Files/Pods-QuotesProject/Pods-QuotesProject-frameworks-${CONFIGURATION}-output-files.xcfilelist",
			);
			runOnlyForDeploymentPostprocessing = 0;
			shellPath = /bin/sh;
			shellScript = "\"${PODS_ROOT}/Target Support Files/Pods-QuotesProject/Pods-QuotesProject-frameworks.sh\"\n";
			showEnvVarsInLog = 0;
		};
		4D9140E15A91E15ECF73A3BB /* [CP] Check Pods Manifest.lock */ = {
			isa = PBXShellScriptBuildPhase;
			buildActionMask = 2147483647;
			files = (
			);
			inputFileListPaths = (
			);
			inputPaths = (
				"${PODS_PODFILE_DIR_PATH}/Podfile.lock",
				"${PODS_ROOT}/Manifest.lock",
			);
			name = "[CP] Check Pods Manifest.lock";
			outputFileListPaths = (
			);
			outputPaths = (
				"$(DERIVED_FILE_DIR)/Pods-QuotesProject-checkManifestLockResult.txt",
			);
			runOnlyForDeploymentPostprocessing = 0;
			shellPath = /bin/sh;
			shellScript = "diff \"${PODS_PODFILE_DIR_PATH}/Podfile.lock\" \"${PODS_ROOT}/Manifest.lock\" > /dev/null\nif [ $? != 0 ] ; then\n    # print error to STDERR\n    echo \"error: The sandbox is not in sync with the Podfile.lock. Run 'pod install' or update your CocoaPods installation.\" >&2\n    exit 1\nfi\n# This output is used by Xcode 'outputs' to avoid re-running this script phase.\necho \"SUCCESS\" > \"${SCRIPT_OUTPUT_FILE_0}\"\n";
			showEnvVarsInLog = 0;
		};
/* End PBXShellScriptBuildPhase section */

/* Begin PBXSourcesBuildPhase section */
		95FDE06A22A7EFF500849A91 /* Sources */ = {
			isa = PBXSourcesBuildPhase;
			buildActionMask = 2147483647;
			files = (
				956FC2F722E8B3F100009FAA /* DisplayCategoryQuoteViewController.swift in Sources */,
				953FE45F22D5F5AF009FDE7E /* FavoriteQuote.swift in Sources */,
				951A3BA922B13A30009634EF /* QuoteOfTheDayService.swift in Sources */,
				956FC2F122E8A0ED00009FAA /* CategoriesQuotesCollectionViewCell.swift in Sources */,
				9594DB3522C11ACD00189E7D /* RemindersViewController.swift in Sources */,
				950CE8A622AEE25A00F67C4A /* RandomQuotesViewController.swift in Sources */,
				95142F1522E7432700224CA3 /* DisplayFavoriteQuoteViewController.swift in Sources */,
				95FDDE2F22B9311C00F7F1C0 /* SideMenuTableViewCell.swift in Sources */,
				95731C6422EF638B00116876 /* FavoriteImage.swift in Sources */,
				956FC2F322E8A8EC00009FAA /* CategoryQuote.swift in Sources */,
				95B4C33222F9C08900897505 /* SlideView.swift in Sources */,
				95A6551D22E1F87300A46A25 /* QuoteOfTheDayViewController.swift in Sources */,
				95731C6222EF62A800116876 /* FavoritesImagesViewController.swift in Sources */,
				95C4FE0122E0C50E0035AF56 /* UICollectionViewCell.swift in Sources */,
				95D0B96F22EB2C8000CC0530 /* UILabel.swift in Sources */,
				95482B8522CF75DB00A8B013 /* CoreDataManager.swift in Sources */,
				95B4ABD822FDD580007E49E0 /* DisplayCategoryImageViewController.swift in Sources */,
				95FDE07A22A7EFF500849A91 /* QuotesProject.xcdatamodeld in Sources */,
				95FDDE2722B9248C00F7F1C0 /* SideMenuViewController.swift in Sources */,
				951A3BAB22B140EF009634EF /* QuoteOfTheDay.swift in Sources */,
				95731C6622EF654800116876 /* FavoritesImagesCollectionViewCell.swift in Sources */,
				95482B8322CF708D00A8B013 /* MyOwnQuote.swift in Sources */,
				956FC2FD22E8E69200009FAA /* RandomImageService.swift in Sources */,
				9511BD9922D4E0F100ACBD31 /* DisplayMyOwnQuoteViewController.swift in Sources */,
				95A5DA49230B009D00712C63 /* RandomQuoteService.swift in Sources */,
				95FDDE2222B91EED00F7F1C0 /* UITableViewCell.swift in Sources */,
				956FC30222E8ECAC00009FAA /* ImageQuoteView.swift in Sources */,
				953FE46122D5F751009FDE7E /* FavoritesQuotesTableViewCell.swift in Sources */,
				9548B8CE22E617A500D120F0 /* RenderImageService.swift in Sources */,
				95A6552422E2314E00A46A25 /* ImagePicker.swift in Sources */,
				9502D2BC22CCCE1D0014EDFB /* MyOwnQuotesViewController.swift in Sources */,
				95A5DA56230B090F00712C63 /* CategoryImageService.swift in Sources */,
				95FDE07222A7EFF500849A91 /* AppDelegate.swift in Sources */,
				956FC30022E8EC7200009FAA /* RandomImagesViewController.swift in Sources */,
				950389E922F85B5F001FF74F /* RandomQuotesService.swift in Sources */,
				95B4ABCF22FDB4C4007E49E0 /* CategoriesImagesCollectionViewCell.swift in Sources */,
				95731C6A22EF6C1900116876 /* UIView.swift in Sources */,
				95A6551F22E1F8A900A46A25 /* QuoteOfTheDayView.swift in Sources */,
				95731C6F22EF73AC00116876 /* FavoriteImageView.swift in Sources */,
				95731C6822EF6ADF00116876 /* FooterCollectionReusableView.swift in Sources */,
				956FC2FB22E8E42600009FAA /* CategoryImage.swift in Sources */,
				956FC2EF22E89CFC00009FAA /* CategoriesQuotesViewController.swift in Sources */,
				953FE46322D601F3009FDE7E /* FavoritesQuotesViewController.swift in Sources */,
				9511BD9B22D4E11E00ACBD31 /* MyOwnQuoteView.swift in Sources */,
				951A3BB222B2992B009634EF /* UIViewController.swift in Sources */,
				956FC2F522E8AA5E00009FAA /* CategoryQuoteService.swift in Sources */,
				95142F1922E7452700224CA3 /* FavoriteQuoteView.swift in Sources */,
				957F874C22FEEEB300F2342F /* NotificationsManager.swift in Sources */,
				95B4ABD322FDB601007E49E0 /* CategoriesImagesViewController.swift in Sources */,
				951A3BAD22B2914F009634EF /* Constants.swift in Sources */,
				950389EF22F86059001FF74F /* RandomQuotesView.swift in Sources */,
				956FC2F922E8B53100009FAA /* CategoryQuoteView.swift in Sources */,
				950389EB22F85D78001FF74F /* RandomQuote.swift in Sources */,
				95731C6D22EF6E6600116876 /* DisplayFavoriteImageViewController.swift in Sources */,
				95482B8722CF7BD000A8B013 /* MyOwnQuotesTableViewCell.swift in Sources */,
				95B4ABD522FDD437007E49E0 /* DisplayCategoryImageView.swift in Sources */,
			);
			runOnlyForDeploymentPostprocessing = 0;
		};
		95FDE08122A7EFF600849A91 /* Sources */ = {
			isa = PBXSourcesBuildPhase;
			buildActionMask = 2147483647;
			files = (
				95A5DA5A230B0BB200712C63 /* RandomImageServiceTests.swift in Sources */,
				95CE217D230AF13500213811 /* URLSessionFake.swift in Sources */,
				95A5DA40230AF83100712C63 /* QuoteOfTheDayServiceTests.swift in Sources */,
				95CE217F230AF16600213811 /* FakeResponseData.swift in Sources */,
				95A5DA68230B226A00712C63 /* NotificationsManagerTests.swift in Sources */,
				95A5DA4C230B033B00712C63 /* RandomQuoteServiceTests.swift in Sources */,
				95A5DA51230B054A00712C63 /* CategoryQuoteServiceTests.swift in Sources */,
				95A5DA47230B000A00712C63 /* RandomQuotesServiceTests.swift in Sources */,
				95A5DA62230B126D00712C63 /* CategoryImageServiceTests.swift in Sources */,
				95A5DA65230B152500712C63 /* CoreDataTests.swift in Sources */,
			);
			runOnlyForDeploymentPostprocessing = 0;
		};
/* End PBXSourcesBuildPhase section */

/* Begin PBXTargetDependency section */
		95FDE08722A7EFF600849A91 /* PBXTargetDependency */ = {
			isa = PBXTargetDependency;
			target = 95FDE06D22A7EFF500849A91 /* QuotesProject */;
			targetProxy = 95FDE08622A7EFF600849A91 /* PBXContainerItemProxy */;
		};
/* End PBXTargetDependency section */

/* Begin PBXVariantGroup section */
		95FDE07522A7EFF500849A91 /* Main.storyboard */ = {
			isa = PBXVariantGroup;
			children = (
				95FDE07622A7EFF500849A91 /* Base */,
			);
			name = Main.storyboard;
			sourceTree = "<group>";
		};
		95FDE07D22A7EFF600849A91 /* LaunchScreen.storyboard */ = {
			isa = PBXVariantGroup;
			children = (
				95FDE07E22A7EFF600849A91 /* Base */,
			);
			name = LaunchScreen.storyboard;
			sourceTree = "<group>";
		};
/* End PBXVariantGroup section */

/* Begin XCBuildConfiguration section */
		95FDE08C22A7EFF600849A91 /* Debug */ = {
			isa = XCBuildConfiguration;
			buildSettings = {
				ALWAYS_SEARCH_USER_PATHS = NO;
				CLANG_ANALYZER_NONNULL = YES;
				CLANG_ANALYZER_NUMBER_OBJECT_CONVERSION = YES_AGGRESSIVE;
				CLANG_CXX_LANGUAGE_STANDARD = "gnu++14";
				CLANG_CXX_LIBRARY = "libc++";
				CLANG_ENABLE_MODULES = YES;
				CLANG_ENABLE_OBJC_ARC = YES;
				CLANG_ENABLE_OBJC_WEAK = YES;
				CLANG_WARN_BLOCK_CAPTURE_AUTORELEASING = YES;
				CLANG_WARN_BOOL_CONVERSION = YES;
				CLANG_WARN_COMMA = YES;
				CLANG_WARN_CONSTANT_CONVERSION = YES;
				CLANG_WARN_DEPRECATED_OBJC_IMPLEMENTATIONS = YES;
				CLANG_WARN_DIRECT_OBJC_ISA_USAGE = YES_ERROR;
				CLANG_WARN_DOCUMENTATION_COMMENTS = YES;
				CLANG_WARN_EMPTY_BODY = YES;
				CLANG_WARN_ENUM_CONVERSION = YES;
				CLANG_WARN_INFINITE_RECURSION = YES;
				CLANG_WARN_INT_CONVERSION = YES;
				CLANG_WARN_NON_LITERAL_NULL_CONVERSION = YES;
				CLANG_WARN_OBJC_IMPLICIT_RETAIN_SELF = YES;
				CLANG_WARN_OBJC_LITERAL_CONVERSION = YES;
				CLANG_WARN_OBJC_ROOT_CLASS = YES_ERROR;
				CLANG_WARN_RANGE_LOOP_ANALYSIS = YES;
				CLANG_WARN_STRICT_PROTOTYPES = YES;
				CLANG_WARN_SUSPICIOUS_MOVE = YES;
				CLANG_WARN_UNGUARDED_AVAILABILITY = YES_AGGRESSIVE;
				CLANG_WARN_UNREACHABLE_CODE = YES;
				CLANG_WARN__DUPLICATE_METHOD_MATCH = YES;
				CODE_SIGN_IDENTITY = "iPhone Developer";
				COPY_PHASE_STRIP = NO;
				DEBUG_INFORMATION_FORMAT = dwarf;
				ENABLE_STRICT_OBJC_MSGSEND = YES;
				ENABLE_TESTABILITY = YES;
				GCC_C_LANGUAGE_STANDARD = gnu11;
				GCC_DYNAMIC_NO_PIC = NO;
				GCC_NO_COMMON_BLOCKS = YES;
				GCC_OPTIMIZATION_LEVEL = 0;
				GCC_PREPROCESSOR_DEFINITIONS = (
					"DEBUG=1",
					"$(inherited)",
				);
				GCC_WARN_64_TO_32_BIT_CONVERSION = YES;
				GCC_WARN_ABOUT_RETURN_TYPE = YES_ERROR;
				GCC_WARN_UNDECLARED_SELECTOR = YES;
				GCC_WARN_UNINITIALIZED_AUTOS = YES_AGGRESSIVE;
				GCC_WARN_UNUSED_FUNCTION = YES;
				GCC_WARN_UNUSED_VARIABLE = YES;
				IPHONEOS_DEPLOYMENT_TARGET = 12.1;
				MTL_ENABLE_DEBUG_INFO = INCLUDE_SOURCE;
				MTL_FAST_MATH = YES;
				ONLY_ACTIVE_ARCH = YES;
				SDKROOT = iphoneos;
				SWIFT_ACTIVE_COMPILATION_CONDITIONS = DEBUG;
				SWIFT_OPTIMIZATION_LEVEL = "-Onone";
			};
			name = Debug;
		};
		95FDE08D22A7EFF600849A91 /* Release */ = {
			isa = XCBuildConfiguration;
			buildSettings = {
				ALWAYS_SEARCH_USER_PATHS = NO;
				CLANG_ANALYZER_NONNULL = YES;
				CLANG_ANALYZER_NUMBER_OBJECT_CONVERSION = YES_AGGRESSIVE;
				CLANG_CXX_LANGUAGE_STANDARD = "gnu++14";
				CLANG_CXX_LIBRARY = "libc++";
				CLANG_ENABLE_MODULES = YES;
				CLANG_ENABLE_OBJC_ARC = YES;
				CLANG_ENABLE_OBJC_WEAK = YES;
				CLANG_WARN_BLOCK_CAPTURE_AUTORELEASING = YES;
				CLANG_WARN_BOOL_CONVERSION = YES;
				CLANG_WARN_COMMA = YES;
				CLANG_WARN_CONSTANT_CONVERSION = YES;
				CLANG_WARN_DEPRECATED_OBJC_IMPLEMENTATIONS = YES;
				CLANG_WARN_DIRECT_OBJC_ISA_USAGE = YES_ERROR;
				CLANG_WARN_DOCUMENTATION_COMMENTS = YES;
				CLANG_WARN_EMPTY_BODY = YES;
				CLANG_WARN_ENUM_CONVERSION = YES;
				CLANG_WARN_INFINITE_RECURSION = YES;
				CLANG_WARN_INT_CONVERSION = YES;
				CLANG_WARN_NON_LITERAL_NULL_CONVERSION = YES;
				CLANG_WARN_OBJC_IMPLICIT_RETAIN_SELF = YES;
				CLANG_WARN_OBJC_LITERAL_CONVERSION = YES;
				CLANG_WARN_OBJC_ROOT_CLASS = YES_ERROR;
				CLANG_WARN_RANGE_LOOP_ANALYSIS = YES;
				CLANG_WARN_STRICT_PROTOTYPES = YES;
				CLANG_WARN_SUSPICIOUS_MOVE = YES;
				CLANG_WARN_UNGUARDED_AVAILABILITY = YES_AGGRESSIVE;
				CLANG_WARN_UNREACHABLE_CODE = YES;
				CLANG_WARN__DUPLICATE_METHOD_MATCH = YES;
				CODE_SIGN_IDENTITY = "iPhone Developer";
				COPY_PHASE_STRIP = NO;
				DEBUG_INFORMATION_FORMAT = "dwarf-with-dsym";
				ENABLE_NS_ASSERTIONS = NO;
				ENABLE_STRICT_OBJC_MSGSEND = YES;
				GCC_C_LANGUAGE_STANDARD = gnu11;
				GCC_NO_COMMON_BLOCKS = YES;
				GCC_WARN_64_TO_32_BIT_CONVERSION = YES;
				GCC_WARN_ABOUT_RETURN_TYPE = YES_ERROR;
				GCC_WARN_UNDECLARED_SELECTOR = YES;
				GCC_WARN_UNINITIALIZED_AUTOS = YES_AGGRESSIVE;
				GCC_WARN_UNUSED_FUNCTION = YES;
				GCC_WARN_UNUSED_VARIABLE = YES;
				IPHONEOS_DEPLOYMENT_TARGET = 12.1;
				MTL_ENABLE_DEBUG_INFO = NO;
				MTL_FAST_MATH = YES;
				SDKROOT = iphoneos;
				SWIFT_COMPILATION_MODE = wholemodule;
				SWIFT_OPTIMIZATION_LEVEL = "-O";
				VALIDATE_PRODUCT = YES;
			};
			name = Release;
		};
		95FDE08F22A7EFF600849A91 /* Debug */ = {
			isa = XCBuildConfiguration;
			baseConfigurationReference = C8D658EAA674A1714CD42928 /* Pods-QuotesProject.debug.xcconfig */;
			buildSettings = {
				ASSETCATALOG_COMPILER_APPICON_NAME = AppIcon;
				CODE_SIGN_ENTITLEMENTS = QuotesProject/QuotesProject.entitlements;
				CODE_SIGN_STYLE = Automatic;
				DEVELOPMENT_TEAM = SYU76B2V84;
				INFOPLIST_FILE = "$(SRCROOT)/QuotesProject/Supporting Files/Info.plist";
				LD_RUNPATH_SEARCH_PATHS = (
					"$(inherited)",
					"@executable_path/Frameworks",
				);
				PRODUCT_BUNDLE_IDENTIFIER = com.christophedurand.QuotesProject;
				PRODUCT_NAME = "$(TARGET_NAME)";
				SWIFT_VERSION = 5.0;
				TARGETED_DEVICE_FAMILY = 1;
			};
			name = Debug;
		};
		95FDE09022A7EFF600849A91 /* Release */ = {
			isa = XCBuildConfiguration;
			baseConfigurationReference = 8B0334FEC0D95E99981E7D1A /* Pods-QuotesProject.release.xcconfig */;
			buildSettings = {
				ASSETCATALOG_COMPILER_APPICON_NAME = AppIcon;
				CODE_SIGN_ENTITLEMENTS = QuotesProject/QuotesProject.entitlements;
				CODE_SIGN_STYLE = Automatic;
				DEVELOPMENT_TEAM = SYU76B2V84;
				INFOPLIST_FILE = "$(SRCROOT)/QuotesProject/Supporting Files/Info.plist";
				LD_RUNPATH_SEARCH_PATHS = (
					"$(inherited)",
					"@executable_path/Frameworks",
				);
				PRODUCT_BUNDLE_IDENTIFIER = com.christophedurand.QuotesProject;
				PRODUCT_NAME = "$(TARGET_NAME)";
				SWIFT_VERSION = 5.0;
				TARGETED_DEVICE_FAMILY = 1;
			};
			name = Release;
		};
		95FDE09222A7EFF600849A91 /* Debug */ = {
			isa = XCBuildConfiguration;
			buildSettings = {
				ALWAYS_EMBED_SWIFT_STANDARD_LIBRARIES = YES;
				BUNDLE_LOADER = "$(TEST_HOST)";
				CLANG_ENABLE_MODULES = YES;
				CODE_SIGN_STYLE = Automatic;
				DEVELOPMENT_TEAM = SYU76B2V84;
				INFOPLIST_FILE = QuotesProjectTests/Info.plist;
				LD_RUNPATH_SEARCH_PATHS = (
					"$(inherited)",
					"@executable_path/Frameworks",
					"@loader_path/Frameworks",
				);
				PRODUCT_BUNDLE_IDENTIFIER = com.christophedurand.QuotesProjectTests;
				PRODUCT_NAME = "$(TARGET_NAME)";
				SWIFT_OBJC_BRIDGING_HEADER = "QuotesProjectTests/Model/QuotesProjectTests-Bridging-Header.h";
				SWIFT_OPTIMIZATION_LEVEL = "-Onone";
				SWIFT_VERSION = 5.0;
				TARGETED_DEVICE_FAMILY = "1,2";
				TEST_HOST = "$(BUILT_PRODUCTS_DIR)/QuotesProject.app/QuotesProject";
			};
			name = Debug;
		};
		95FDE09322A7EFF600849A91 /* Release */ = {
			isa = XCBuildConfiguration;
			buildSettings = {
				ALWAYS_EMBED_SWIFT_STANDARD_LIBRARIES = YES;
				BUNDLE_LOADER = "$(TEST_HOST)";
				CLANG_ENABLE_MODULES = YES;
				CODE_SIGN_STYLE = Automatic;
				DEVELOPMENT_TEAM = SYU76B2V84;
				INFOPLIST_FILE = QuotesProjectTests/Info.plist;
				LD_RUNPATH_SEARCH_PATHS = (
					"$(inherited)",
					"@executable_path/Frameworks",
					"@loader_path/Frameworks",
				);
				PRODUCT_BUNDLE_IDENTIFIER = com.christophedurand.QuotesProjectTests;
				PRODUCT_NAME = "$(TARGET_NAME)";
				SWIFT_OBJC_BRIDGING_HEADER = "QuotesProjectTests/Model/QuotesProjectTests-Bridging-Header.h";
				SWIFT_VERSION = 5.0;
				TARGETED_DEVICE_FAMILY = "1,2";
				TEST_HOST = "$(BUILT_PRODUCTS_DIR)/QuotesProject.app/QuotesProject";
			};
			name = Release;
		};
/* End XCBuildConfiguration section */

/* Begin XCConfigurationList section */
		95FDE06922A7EFF500849A91 /* Build configuration list for PBXProject "QuotesProject" */ = {
			isa = XCConfigurationList;
			buildConfigurations = (
				95FDE08C22A7EFF600849A91 /* Debug */,
				95FDE08D22A7EFF600849A91 /* Release */,
			);
			defaultConfigurationIsVisible = 0;
			defaultConfigurationName = Release;
		};
		95FDE08E22A7EFF600849A91 /* Build configuration list for PBXNativeTarget "QuotesProject" */ = {
			isa = XCConfigurationList;
			buildConfigurations = (
				95FDE08F22A7EFF600849A91 /* Debug */,
				95FDE09022A7EFF600849A91 /* Release */,
			);
			defaultConfigurationIsVisible = 0;
			defaultConfigurationName = Release;
		};
		95FDE09122A7EFF600849A91 /* Build configuration list for PBXNativeTarget "QuotesProjectTests" */ = {
			isa = XCConfigurationList;
			buildConfigurations = (
				95FDE09222A7EFF600849A91 /* Debug */,
				95FDE09322A7EFF600849A91 /* Release */,
			);
			defaultConfigurationIsVisible = 0;
			defaultConfigurationName = Release;
		};
/* End XCConfigurationList section */

/* Begin XCVersionGroup section */
		95FDE07822A7EFF500849A91 /* QuotesProject.xcdatamodeld */ = {
			isa = XCVersionGroup;
			children = (
				95FDE07922A7EFF500849A91 /* QuotesProject.xcdatamodel */,
			);
			currentVersion = 95FDE07922A7EFF500849A91 /* QuotesProject.xcdatamodel */;
			path = QuotesProject.xcdatamodeld;
			sourceTree = "<group>";
			versionGroupType = wrapper.xcdatamodel;
		};
/* End XCVersionGroup section */
	};
	rootObject = 95FDE06622A7EFF500849A91 /* Project object */;
}
